PODS:
  - AdPopcornSSP (2.7.2)
  - AvatyeAdCash (3.0.6):
    - AdPopcornSSP (~> 2.7.1)
  - BuzzAdBenefitSDK (5.21.1):
    - BuzzRxSwift (= 7.0.0)
    - GoogleAds-IMA-iOS-SDK (~> 3.23)
  - BuzzAvatyeAdCash (5.21.1):
    - AvatyeAdCash (= 3.0.6)
    - BuzzAdBenefitSDK (= 5.21.1)
  - BuzzBoosterSDK (4.21.1):
    - BuzzRxSwift (= 7.0.0)
  - BuzzRxSwift (7.0.0)
  - BuzzvilSDK (5.21.1):
    - BuzzAdBenefitSDK (= 5.21.1)
    - BuzzBoosterSDK (= 4.21.1)
    - BuzzRxSwift (= 7.0.0)
    - BuzzvilSDK/Default (= 5.21.1)
  - BuzzvilSDK/Default (5.21.1):
    - BuzzAdBenefitSDK (= 5.21.1)
    - BuzzAvatyeAdCash (= 5.21.1)
    - BuzzBoosterSDK (= 4.21.1)
    - BuzzRxSwift (= 7.0.0)
  - GoogleAds-IMA-iOS-SDK (3.23.0)

DEPENDENCIES:
  - BuzzvilSDK (= 5.21.1)

SPEC REPOS:
  https://github.com/CocoaPods/Specs.git:
    - AdPopcornSSP
    - AvatyeAdCash
    - BuzzAdBenefitSDK
    - BuzzAvatyeAdCash
    - BuzzBoosterSDK
    - BuzzRxSwift
    - BuzzvilSDK
    - GoogleAds-IMA-iOS-SDK

SPEC CHECKSUMS:
  AdPopcornSSP: a4525e6f38fb05c5c29751fc4859c0ace1709deb
  AvatyeAdCash: 52dfdf24ddca778c942d8a9c97bd8985ac500ffb
  BuzzAdBenefitSDK: eac84abc9b8d2c10194b4f771dedc9262ca0870e
  BuzzAvatyeAdCash: c62cda35abee1c44e5030d3f7a674a498b655039
  BuzzBoosterSDK: 34bfda6947fa3047a5683257621dba4e41799e5b
  BuzzRxSwift: 8d04c2083985af36f1e28a9a4db45675c6816c34
  BuzzvilSDK: f219d70b3ff6dd13054d0603cee4e55e6602dea4
  GoogleAds-IMA-iOS-SDK: ee2a68ed7a1a17c7bb81bdb1b81590b35a3fc8f3

PODFILE CHECKSUM: bab7bc1c128786ae4ef8bd607be0333db541c44a

COCOAPODS: 1.15.2
