PODS:
  - BuzzAdBenefitSDK (5.11.1):
    - BuzzRxSwift (= 7.0.0)
  - BuzzBoosterSDK (4.11.1):
    - BuzzRxSwift (= 7.0.0)
  - BuzzRxSwift (7.0.0)
  - BuzzvilSDK (5.11.1):
    - BuzzAdBenefitSDK (~> 5.11.1)
    - BuzzBoosterSDK (~> 4.11.1)
    - BuzzRxSwift (= 7.0.0)

DEPENDENCIES:
  - BuzzvilSDK (= 5.11.1)

SPEC REPOS:
  https://github.com/CocoaPods/Specs.git:
    - BuzzAdBenefitSDK
    - BuzzBoosterSDK
    - BuzzRxSwift
    - BuzzvilSDK

SPEC CHECKSUMS:
  BuzzAdBenefitSDK: d14b21be012ab522830ada9ac8f54056ceb3dc31
  BuzzBoosterSDK: daf8b9f8b423eabe62f71660ca3073ac634f7033
  BuzzRxSwift: 8d04c2083985af36f1e28a9a4db45675c6816c34
  BuzzvilSDK: a3f6b9d2faea15ab8260ef2c24f93fad7786a73b

PODFILE CHECKSUM: 93c5cbadcea9c0ab85b135dc7d1ee94fa4a88161

COCOAPODS: 1.15.2
