PODS:
  - AdPopcornSSP (2.7.2)
  - AvatyeAdCash (3.0.6):
    - AdPopcornSSP (~> 2.7.1)
  - BuzzAdBenefitSDK (5.23.2):
    - BuzzRxSwift (= 7.0.0)
    - GoogleAds-IMA-iOS-SDK (~> 3.23)
  - BuzzAvatyeAdCash (5.23.2):
    - AvatyeAdCash (= 3.0.6)
    - BuzzAdBenefitSDK (= 5.23.2)
  - BuzzBoosterSDK (4.23.2):
    - BuzzRxSwift (= 7.0.0)
  - BuzzRxSwift (7.0.0)
  - BuzzvilSDK (5.23.2):
    - BuzzAdBenefitSDK (= 5.23.2)
    - BuzzBoosterSDK (= 4.23.2)
    - BuzzRxSwift (= 7.0.0)
    - BuzzvilSDK/Default (= 5.23.2)
  - BuzzvilSDK/Default (5.23.2):
    - BuzzAdBenefitSDK (= 5.23.2)
    - BuzzAvatyeAdCash (= 5.23.2)
    - BuzzBoosterSDK (= 4.23.2)
    - BuzzRxSwift (= 7.0.0)
  - GoogleAds-IMA-iOS-SDK (3.23.0)

DEPENDENCIES:
  - BuzzvilSDK (= 5.23.2)

SPEC REPOS:
  https://github.com/CocoaPods/Specs.git:
    - AdPopcornSSP
    - AvatyeAdCash
    - BuzzAdBenefitSDK
    - BuzzAvatyeAdCash
    - BuzzBoosterSDK
    - BuzzRxSwift
    - BuzzvilSDK
    - GoogleAds-IMA-iOS-SDK

SPEC CHECKSUMS:
  AdPopcornSSP: a4525e6f38fb05c5c29751fc4859c0ace1709deb
  AvatyeAdCash: 52dfdf24ddca778c942d8a9c97bd8985ac500ffb
  BuzzAdBenefitSDK: 35f7e7e0400df31a848547570394e8643089925b
  BuzzAvatyeAdCash: 01ec3c208594cfe6d5fd974c2c9b20789d71d422
  BuzzBoosterSDK: 49e0ff5e754c0dc16559cd04259ced2ccdc50fa8
  BuzzRxSwift: 8d04c2083985af36f1e28a9a4db45675c6816c34
  BuzzvilSDK: 58bde6270ade2dffbf82c3b5cc9f12fb08319747
  GoogleAds-IMA-iOS-SDK: ee2a68ed7a1a17c7bb81bdb1b81590b35a3fc8f3

PODFILE CHECKSUM: 1bf3c3fe42e9cb0fec865a965071da52873414e8

COCOAPODS: 1.15.2
