PODS:
  - AFNetworking (4.0.1):
    - AFNetworking/NSURLSession (= 4.0.1)
    - AFNetworking/Reachability (= 4.0.1)
    - AFNetworking/Security (= 4.0.1)
    - AFNetworking/Serialization (= 4.0.1)
    - AFNetworking/UIKit (= 4.0.1)
  - AFNetworking/NSURLSession (4.0.1):
    - AFNetworking/Reachability
    - AFNetworking/Security
    - AFNetworking/Serialization
  - AFNetworking/Reachability (4.0.1)
  - AFNetworking/Security (4.0.1)
  - AFNetworking/Serialization (4.0.1)
  - AFNetworking/UIKit (4.0.1):
    - AFNetworking/NSURLSession
  - BuzzAdBenefit (3.25.0):
    - BuzzAdBenefitBase (~> 3.25.0)
    - BuzzAdBenefitFeed (~> 3.25.0)
    - BuzzAdBenefitInterstitial (~> 3.25.0)
    - BuzzAdBenefitNative (~> 3.25.0)
    - BuzzCore (~> 0.29.0)
  - BuzzAdBenefitBase (3.25.0):
    - AFNetworking (~> 4.0)
    - BuzzBaseRewardSwift (~> 0.29.0)
    - BuzzCore (~> 0.29.0)
    - BuzzInsight (~> 0.29.0)
    - BuzzResource (~> 0.29.0)
    - BuzzRxSwift (~> 6.5.1)
    - BuzzServiceApi (~> 0.29.0)
    - BuzzUnit (~> 0.29.0)
    - ReactiveObjC (~> 3.1.1)
  - BuzzAdBenefitFeed (3.25.0):
    - BuzzAdBenefitBase (~> 3.25.0)
    - BuzzAdBenefitNative (~> 3.25.0)
    - BuzzCore (~> 0.29.0)
    - BuzzResource (~> 0.29.0)
    - BuzzRxSwift (~> 6.5.1)
    - BuzzServiceApi (~> 0.29.0)
    - ReactiveObjC (~> 3.1.1)
  - BuzzAdBenefitInterstitial (3.25.0):
    - BuzzAdBenefitBase (~> 3.25.0)
    - BuzzAdBenefitNative (~> 3.25.0)
    - ReactiveObjC (~> 3.1.1)
  - BuzzAdBenefitNative (3.25.0):
    - BuzzAdBenefitBase (~> 3.25.0)
    - BuzzResource (~> 0.29.0)
    - BuzzRxSwift (~> 6.5.1)
    - GoogleAds-IMA-iOS-SDK (~> 3.12)
    - ReactiveObjC (~> 3.1.1)
  - BuzzBaseRewardSwift (0.29.0):
    - BuzzRxSwift (~> 6.5.1)
  - BuzzCore (0.29.0):
    - BuzzRxSwift (~> 6.5.1)
    - SDWebImage (~> 5.0)
    - SDWebImageWebPCoder
  - BuzzInsight (0.29.0):
    - BuzzCore (~> 0.29.0)
    - ReactiveObjC (~> 3.1.1)
  - BuzzResource (0.29.0)
  - BuzzRxSwift (6.5.1)
  - BuzzServiceApi (0.29.0):
    - ReactiveObjC (~> 3.1.1)
  - BuzzUnit (0.29.0):
    - BuzzServiceApi (~> 0.29.0)
    - ReactiveObjC (~> 3.1.1)
  - GoogleAds-IMA-iOS-SDK (3.14.5)
  - libwebp (1.2.4):
    - libwebp/demux (= 1.2.4)
    - libwebp/mux (= 1.2.4)
    - libwebp/webp (= 1.2.4)
  - libwebp/demux (1.2.4):
    - libwebp/webp
  - libwebp/mux (1.2.4):
    - libwebp/demux
  - libwebp/webp (1.2.4)
  - ReactiveObjC (3.1.1)
  - SDWebImage (5.15.5):
    - SDWebImage/Core (= 5.15.5)
  - SDWebImage/Core (5.15.5)
  - SDWebImageWebPCoder (0.11.0):
    - libwebp (~> 1.0)
    - SDWebImage/Core (~> 5.15)
  - Toast (4.0.0)

DEPENDENCIES:
  - BuzzAdBenefit (~> 3.25.0)
  - Toast (~> 4.0.0)

SPEC REPOS:
  https://github.com/CocoaPods/Specs.git:
    - AFNetworking
    - BuzzAdBenefit
    - BuzzAdBenefitBase
    - BuzzAdBenefitFeed
    - BuzzAdBenefitInterstitial
    - BuzzAdBenefitNative
    - BuzzBaseRewardSwift
    - BuzzCore
    - BuzzInsight
    - BuzzResource
    - BuzzRxSwift
    - BuzzServiceApi
    - BuzzUnit
    - GoogleAds-IMA-iOS-SDK
    - libwebp
    - ReactiveObjC
    - SDWebImage
    - SDWebImageWebPCoder
    - Toast

SPEC CHECKSUMS:
  AFNetworking: 3bd23d814e976cd148d7d44c3ab78017b744cd58
  BuzzAdBenefit: 9d28361c9074f4967dcef43026c5e6b0a619d094
  BuzzAdBenefitBase: 6f17b9e5f05652e49d0f3270a5692e2f9949f20c
  BuzzAdBenefitFeed: f3fdcd7929fa7b8d8212abf3e370f71f75a65a53
  BuzzAdBenefitInterstitial: 5f46b54ecae0fb2711d5da2a5db8d2fcdc44d32a
  BuzzAdBenefitNative: 9b67ba12e1372bca1ce126c79b782695d061adde
  BuzzBaseRewardSwift: d11b8f89379f07e4b04e77a9e984c93f648b69ae
  BuzzCore: 2c064099322f04dc63ec4cbaa64b90d4f17a131c
  BuzzInsight: 5fcd42c88a1c4b108a23b30a3a43d88af06d5b24
  BuzzResource: 6ea436d6384198647e4b822f390df0316fe6d7a9
  BuzzRxSwift: 0ca1668aa41a0b4a811c9eb00d74c89a95a8553f
  BuzzServiceApi: 4dadf664d134a7500ac3acb4e93af33de2ba1cc1
  BuzzUnit: fe2e5e1ff3537043e076d241668eb9fb48b4c435
  GoogleAds-IMA-iOS-SDK: b088674002266c5638e73d10696c8b13872ee15e
  libwebp: f62cb61d0a484ba548448a4bd52aabf150ff6eef
  ReactiveObjC: 011caa393aa0383245f2dcf9bf02e86b80b36040
  SDWebImage: fd7e1a22f00303e058058278639bf6196ee431fe
  SDWebImageWebPCoder: 295a6573c512f54ad2dd58098e64e17dcf008499
  Toast: 91b396c56ee72a5790816f40d3a94dd357abc196

PODFILE CHECKSUM: dd0e14b8ee6f9a9017cc91ce855c818f3fab656a

COCOAPODS: 1.12.0
