PODS:
  - AFNetworking (4.0.1):
    - AFNetworking/NSURLSession (= 4.0.1)
    - AFNetworking/Reachability (= 4.0.1)
    - AFNetworking/Security (= 4.0.1)
    - AFNetworking/Serialization (= 4.0.1)
    - AFNetworking/UIKit (= 4.0.1)
  - AFNetworking/NSURLSession (4.0.1):
    - AFNetworking/Reachability
    - AFNetworking/Security
    - AFNetworking/Serialization
  - AFNetworking/Reachability (4.0.1)
  - AFNetworking/Security (4.0.1)
  - AFNetworking/Serialization (4.0.1)
  - AFNetworking/UIKit (4.0.1):
    - AFNetworking/NSURLSession
  - BuzzAdBenefit (3.19.0):
    - BuzzAdBenefitBase (~> 3.19.0)
    - BuzzAdBenefitFeed (~> 3.19.0)
    - BuzzAdBenefitInterstitial (~> 3.19.0)
    - BuzzAdBenefitNative (~> 3.19.0)
    - BuzzCore (~> 0.23.0)
  - BuzzAdBenefitBase (3.19.0):
    - AFNetworking (~> 4.0)
    - BuzzBaseRewardSwift (~> 0.23.0)
    - BuzzCore (~> 0.23.0)
    - BuzzInsight (~> 0.23.0)
    - BuzzLogger (~> 0.23.0)
    - BuzzResource (~> 0.23.0)
    - BuzzRxSwift (~> 6.5.0)
    - BuzzServiceApi (~> 0.23.0)
    - BuzzUnit (~> 0.23.0)
    - ReactiveObjC (~> 3.1.1)
  - BuzzAdBenefitFeed (3.19.0):
    - BuzzAdBenefitBase (~> 3.19.0)
    - BuzzAdBenefitNative (~> 3.19.0)
    - BuzzCore (~> 0.23.0)
    - BuzzImage (~> 0.23.0)
    - BuzzResource (~> 0.23.0)
    - BuzzRxSwift (~> 6.5.0)
    - BuzzServiceApi (~> 0.23.0)
    - ReactiveObjC (~> 3.1.1)
  - BuzzAdBenefitInterstitial (3.19.0):
    - BuzzAdBenefitBase (~> 3.19.0)
    - BuzzAdBenefitNative (~> 3.19.0)
    - ReactiveObjC (~> 3.1.1)
  - BuzzAdBenefitNative (3.19.0):
    - BuzzAdBenefitBase (~> 3.19.0)
    - BuzzImage (~> 0.23.0)
    - BuzzResource (~> 0.23.0)
    - BuzzRxSwift (~> 6.5.0)
    - GoogleAds-IMA-iOS-SDK (~> 3.12)
    - ReactiveObjC (~> 3.1.1)
  - BuzzBaseRewardSwift (0.23.0):
    - BuzzRxSwift (~> 6.5.0)
  - BuzzCore (0.23.0):
    - BuzzRxSwift (~> 6.5.0)
    - SDWebImage (~> 5.0)
    - SDWebImageWebPCoder
  - BuzzImage (0.23.0):
    - SDWebImage (~> 5.0)
    - SDWebImageWebPCoder
  - BuzzInsight (0.23.0):
    - BuzzLogger (~> 0.23.0)
    - ReactiveObjC (~> 3.1.1)
  - BuzzLogger (0.23.0)
  - BuzzResource (0.23.0)
  - BuzzRxSwift (6.5.0)
  - BuzzServiceApi (0.23.0):
    - ReactiveObjC (~> 3.1.1)
  - BuzzUnit (0.23.0):
    - BuzzServiceApi (~> 0.23.0)
    - ReactiveObjC (~> 3.1.1)
  - GoogleAds-IMA-iOS-SDK (3.14.3)
  - libwebp (1.2.4):
    - libwebp/demux (= 1.2.4)
    - libwebp/mux (= 1.2.4)
    - libwebp/webp (= 1.2.4)
  - libwebp/demux (1.2.4):
    - libwebp/webp
  - libwebp/mux (1.2.4):
    - libwebp/demux
  - libwebp/webp (1.2.4)
  - ReactiveObjC (3.1.1)
  - SDWebImage (5.14.3):
    - SDWebImage/Core (= 5.14.3)
  - SDWebImage/Core (5.14.3)
  - SDWebImageWebPCoder (0.9.1):
    - libwebp (~> 1.0)
    - SDWebImage/Core (~> 5.13)
  - Toast (4.0.0)

DEPENDENCIES:
  - BuzzAdBenefit (~> 3.19.0)
  - Toast (~> 4.0.0)

SPEC REPOS:
  https://github.com/CocoaPods/Specs.git:
    - AFNetworking
    - BuzzAdBenefit
    - BuzzAdBenefitBase
    - BuzzAdBenefitFeed
    - BuzzAdBenefitInterstitial
    - BuzzAdBenefitNative
    - BuzzBaseRewardSwift
    - BuzzCore
    - BuzzImage
    - BuzzInsight
    - BuzzLogger
    - BuzzResource
    - BuzzRxSwift
    - BuzzServiceApi
    - BuzzUnit
    - GoogleAds-IMA-iOS-SDK
    - libwebp
    - ReactiveObjC
    - SDWebImage
    - SDWebImageWebPCoder
    - Toast

SPEC CHECKSUMS:
  AFNetworking: 7864c38297c79aaca1500c33288e429c3451fdce
  BuzzAdBenefit: 1ce7160d36b8db227a552b9f7bd220179e033ff1
  BuzzAdBenefitBase: aafb6d027253cca17a72340fbdcfaf25f508117d
  BuzzAdBenefitFeed: e2d557b000fef1b7f86f2a687cb0531f23193354
  BuzzAdBenefitInterstitial: 0f8e4dbdfdf56b54c192aa8ef1821732b9301452
  BuzzAdBenefitNative: 768fedff2c24cf91b3554da3eab34564a48c4a8e
  BuzzBaseRewardSwift: d7a278cf28f96e14adaa72dd5f6687f730cef1e5
  BuzzCore: 257ba423bcf17146849d6985c9fb7630d5a24b66
  BuzzImage: c962e940da4275b676bd1aaae5c7224b78f84424
  BuzzInsight: a3e60e11dca7c4ab58ad0fb891b344ff73faddf2
  BuzzLogger: 0add440398fb2ad7b19096d6d92f9792da8f60d4
  BuzzResource: b99c4901e2df56f533e0ba190770aec1d54b080b
  BuzzRxSwift: 01dc0bdf32a917d373076926b01125f3d801695d
  BuzzServiceApi: 18cc0c23b1ac6952186caffdb079f5869592eb29
  BuzzUnit: d42a6744bf13d9901aed8d15417b124e737945bf
  GoogleAds-IMA-iOS-SDK: 2a9b7b14bda4993306f05287f952dce41b5be4ad
  libwebp: f62cb61d0a484ba548448a4bd52aabf150ff6eef
  ReactiveObjC: 011caa393aa0383245f2dcf9bf02e86b80b36040
  SDWebImage: 9c36e66c8ce4620b41a7407698dda44211a96764
  SDWebImageWebPCoder: 18503de6621dd2c420d680e33d46bf8e1d5169b0
  Toast: 91b396c56ee72a5790816f40d3a94dd357abc196

PODFILE CHECKSUM: 4f9e4c29ce93ace9b3a483e511da37b5cc6da753

COCOAPODS: 1.11.3
