// !$*UTF8*$!
{
	archiveVersion = 1;
	classes = {
	};
	objectVersion = 55;
	objects = {

/* Begin PBXBuildFile section */
		4B2614D327E8934D0052F1FB /* AppDelegate.swift in Sources */ = {isa = PBXBuildFile; fileRef = 4B2614D227E8934D0052F1FB /* AppDelegate.swift */; };
		4B2614D727E8934D0052F1FB /* ViewController.swift in Sources */ = {isa = PBXBuildFile; fileRef = 4B2614D627E8934D0052F1FB /* ViewController.swift */; };
		4B2614DC27E8934E0052F1FB /* Assets.xcassets in Resources */ = {isa = PBXBuildFile; fileRef = 4B2614DB27E8934E0052F1FB /* Assets.xcassets */; };
		4B2614DF27E8934E0052F1FB /* LaunchScreen.storyboard in Resources */ = {isa = PBXBuildFile; fileRef = 4B2614DD27E8934E0052F1FB /* LaunchScreen.storyboard */; };
		4B2614EA27E8934F0052F1FB /* BSTSampleTests.swift in Sources */ = {isa = PBXBuildFile; fileRef = 4B2614E927E8934F0052F1FB /* BSTSampleTests.swift */; };
		4B2614F427E8934F0052F1FB /* BSTSampleUITests.swift in Sources */ = {isa = PBXBuildFile; fileRef = 4B2614F327E8934F0052F1FB /* BSTSampleUITests.swift */; };
		4B2614F627E8934F0052F1FB /* BSTSampleUITestsLaunchTests.swift in Sources */ = {isa = PBXBuildFile; fileRef = 4B2614F527E8934F0052F1FB /* BSTSampleUITestsLaunchTests.swift */; };
		4BA7D8AA286070E600DE8631 /* CustomEntryPointButton.swift in Sources */ = {isa = PBXBuildFile; fileRef = 4BA7D8A9286070E600DE8631 /* CustomEntryPointButton.swift */; };
		9A3F7C175D0CF39F9775B5CB /* Pods_BSTSample.framework in Frameworks */ = {isa = PBXBuildFile; fileRef = 65A0D0EFF5EC92C2DD05925A /* Pods_BSTSample.framework */; };
/* End PBXBuildFile section */

/* Begin PBXContainerItemProxy section */
		4B2614E627E8934F0052F1FB /* PBXContainerItemProxy */ = {
			isa = PBXContainerItemProxy;
			containerPortal = 4B2614C727E8934D0052F1FB /* Project object */;
			proxyType = 1;
			remoteGlobalIDString = 4B2614CE27E8934D0052F1FB;
			remoteInfo = BSTSample;
		};
		4B2614F027E8934F0052F1FB /* PBXContainerItemProxy */ = {
			isa = PBXContainerItemProxy;
			containerPortal = 4B2614C727E8934D0052F1FB /* Project object */;
			proxyType = 1;
			remoteGlobalIDString = 4B2614CE27E8934D0052F1FB;
			remoteInfo = BSTSample;
		};
/* End PBXContainerItemProxy section */

/* Begin PBXFileReference section */
		2D63516972EDABA171232FF5 /* Pods-BSTSample.debug.xcconfig */ = {isa = PBXFileReference; includeInIndex = 1; lastKnownFileType = text.xcconfig; name = "Pods-BSTSample.debug.xcconfig"; path = "Target Support Files/Pods-BSTSample/Pods-BSTSample.debug.xcconfig"; sourceTree = "<group>"; };
		4B2614CF27E8934D0052F1FB /* BSTSample.app */ = {isa = PBXFileReference; explicitFileType = wrapper.application; includeInIndex = 0; path = BSTSample.app; sourceTree = BUILT_PRODUCTS_DIR; };
		4B2614D227E8934D0052F1FB /* AppDelegate.swift */ = {isa = PBXFileReference; lastKnownFileType = sourcecode.swift; path = AppDelegate.swift; sourceTree = "<group>"; };
		4B2614D627E8934D0052F1FB /* ViewController.swift */ = {isa = PBXFileReference; lastKnownFileType = sourcecode.swift; path = ViewController.swift; sourceTree = "<group>"; };
		4B2614DB27E8934E0052F1FB /* Assets.xcassets */ = {isa = PBXFileReference; lastKnownFileType = folder.assetcatalog; path = Assets.xcassets; sourceTree = "<group>"; };
		4B2614DE27E8934E0052F1FB /* Base */ = {isa = PBXFileReference; lastKnownFileType = file.storyboard; name = Base; path = Base.lproj/LaunchScreen.storyboard; sourceTree = "<group>"; };
		4B2614E027E8934E0052F1FB /* Info.plist */ = {isa = PBXFileReference; lastKnownFileType = text.plist.xml; path = Info.plist; sourceTree = "<group>"; };
		4B2614E527E8934F0052F1FB /* BSTSampleTests.xctest */ = {isa = PBXFileReference; explicitFileType = wrapper.cfbundle; includeInIndex = 0; path = BSTSampleTests.xctest; sourceTree = BUILT_PRODUCTS_DIR; };
		4B2614E927E8934F0052F1FB /* BSTSampleTests.swift */ = {isa = PBXFileReference; lastKnownFileType = sourcecode.swift; path = BSTSampleTests.swift; sourceTree = "<group>"; };
		4B2614EF27E8934F0052F1FB /* BSTSampleUITests.xctest */ = {isa = PBXFileReference; explicitFileType = wrapper.cfbundle; includeInIndex = 0; path = BSTSampleUITests.xctest; sourceTree = BUILT_PRODUCTS_DIR; };
		4B2614F327E8934F0052F1FB /* BSTSampleUITests.swift */ = {isa = PBXFileReference; lastKnownFileType = sourcecode.swift; path = BSTSampleUITests.swift; sourceTree = "<group>"; };
		4B2614F527E8934F0052F1FB /* BSTSampleUITestsLaunchTests.swift */ = {isa = PBXFileReference; lastKnownFileType = sourcecode.swift; path = BSTSampleUITestsLaunchTests.swift; sourceTree = "<group>"; };
		4BA7D8A9286070E600DE8631 /* CustomEntryPointButton.swift */ = {isa = PBXFileReference; lastKnownFileType = sourcecode.swift; path = CustomEntryPointButton.swift; sourceTree = "<group>"; };
		65A0D0EFF5EC92C2DD05925A /* Pods_BSTSample.framework */ = {isa = PBXFileReference; explicitFileType = wrapper.framework; includeInIndex = 0; path = Pods_BSTSample.framework; sourceTree = BUILT_PRODUCTS_DIR; };
		F10215CE3BFD003F51F4E79B /* Pods-BSTSample.release.xcconfig */ = {isa = PBXFileReference; includeInIndex = 1; lastKnownFileType = text.xcconfig; name = "Pods-BSTSample.release.xcconfig"; path = "Target Support Files/Pods-BSTSample/Pods-BSTSample.release.xcconfig"; sourceTree = "<group>"; };
/* End PBXFileReference section */

/* Begin PBXFrameworksBuildPhase section */
		4B2614CC27E8934D0052F1FB /* Frameworks */ = {
			isa = PBXFrameworksBuildPhase;
			buildActionMask = 2147483647;
			files = (
				9A3F7C175D0CF39F9775B5CB /* Pods_BSTSample.framework in Frameworks */,
			);
			runOnlyForDeploymentPostprocessing = 0;
		};
		4B2614E227E8934F0052F1FB /* Frameworks */ = {
			isa = PBXFrameworksBuildPhase;
			buildActionMask = 2147483647;
			files = (
			);
			runOnlyForDeploymentPostprocessing = 0;
		};
		4B2614EC27E8934F0052F1FB /* Frameworks */ = {
			isa = PBXFrameworksBuildPhase;
			buildActionMask = 2147483647;
			files = (
			);
			runOnlyForDeploymentPostprocessing = 0;
		};
/* End PBXFrameworksBuildPhase section */

/* Begin PBXGroup section */
		4B2614C627E8934D0052F1FB = {
			isa = PBXGroup;
			children = (
				4B2614D127E8934D0052F1FB /* BSTSample */,
				4B2614E827E8934F0052F1FB /* BSTSampleTests */,
				4B2614F227E8934F0052F1FB /* BSTSampleUITests */,
				4B2614D027E8934D0052F1FB /* Products */,
				C419A3C3DB2155DEDF445291 /* Pods */,
				62D1210EFB3D58FF7398B4FC /* Frameworks */,
			);
			sourceTree = "<group>";
		};
		4B2614D027E8934D0052F1FB /* Products */ = {
			isa = PBXGroup;
			children = (
				4B2614CF27E8934D0052F1FB /* BSTSample.app */,
				4B2614E527E8934F0052F1FB /* BSTSampleTests.xctest */,
				4B2614EF27E8934F0052F1FB /* BSTSampleUITests.xctest */,
			);
			name = Products;
			sourceTree = "<group>";
		};
		4B2614D127E8934D0052F1FB /* BSTSample */ = {
			isa = PBXGroup;
			children = (
				4B2614D227E8934D0052F1FB /* AppDelegate.swift */,
				4B2614D627E8934D0052F1FB /* ViewController.swift */,
				4B2614DB27E8934E0052F1FB /* Assets.xcassets */,
				4B2614DD27E8934E0052F1FB /* LaunchScreen.storyboard */,
				4B2614E027E8934E0052F1FB /* Info.plist */,
				4BA7D8A9286070E600DE8631 /* CustomEntryPointButton.swift */,
			);
			path = BSTSample;
			sourceTree = "<group>";
		};
		4B2614E827E8934F0052F1FB /* BSTSampleTests */ = {
			isa = PBXGroup;
			children = (
				4B2614E927E8934F0052F1FB /* BSTSampleTests.swift */,
			);
			path = BSTSampleTests;
			sourceTree = "<group>";
		};
		4B2614F227E8934F0052F1FB /* BSTSampleUITests */ = {
			isa = PBXGroup;
			children = (
				4B2614F327E8934F0052F1FB /* BSTSampleUITests.swift */,
				4B2614F527E8934F0052F1FB /* BSTSampleUITestsLaunchTests.swift */,
			);
			path = BSTSampleUITests;
			sourceTree = "<group>";
		};
		62D1210EFB3D58FF7398B4FC /* Frameworks */ = {
			isa = PBXGroup;
			children = (
				65A0D0EFF5EC92C2DD05925A /* Pods_BSTSample.framework */,
			);
			name = Frameworks;
			sourceTree = "<group>";
		};
		C419A3C3DB2155DEDF445291 /* Pods */ = {
			isa = PBXGroup;
			children = (
				2D63516972EDABA171232FF5 /* Pods-BSTSample.debug.xcconfig */,
				F10215CE3BFD003F51F4E79B /* Pods-BSTSample.release.xcconfig */,
			);
			path = Pods;
			sourceTree = "<group>";
		};
/* End PBXGroup section */

/* Begin PBXNativeTarget section */
		4B2614CE27E8934D0052F1FB /* BSTSample */ = {
			isa = PBXNativeTarget;
			buildConfigurationList = 4B2614F927E8934F0052F1FB /* Build configuration list for PBXNativeTarget "BSTSample" */;
			buildPhases = (
				E303B54304E49864230216FD /* [CP] Check Pods Manifest.lock */,
				4B2614CB27E8934D0052F1FB /* Sources */,
				4B2614CC27E8934D0052F1FB /* Frameworks */,
				4B2614CD27E8934D0052F1FB /* Resources */,
				08856DA1E3E7DA1740179C50 /* [CP] Embed Pods Frameworks */,
			);
			buildRules = (
			);
			dependencies = (
			);
			name = BSTSample;
			productName = BSTSample;
			productReference = 4B2614CF27E8934D0052F1FB /* BSTSample.app */;
			productType = "com.apple.product-type.application";
		};
		4B2614E427E8934F0052F1FB /* BSTSampleTests */ = {
			isa = PBXNativeTarget;
			buildConfigurationList = 4B2614FC27E8934F0052F1FB /* Build configuration list for PBXNativeTarget "BSTSampleTests" */;
			buildPhases = (
				4B2614E127E8934F0052F1FB /* Sources */,
				4B2614E227E8934F0052F1FB /* Frameworks */,
				4B2614E327E8934F0052F1FB /* Resources */,
			);
			buildRules = (
			);
			dependencies = (
				4B2614E727E8934F0052F1FB /* PBXTargetDependency */,
			);
			name = BSTSampleTests;
			productName = BSTSampleTests;
			productReference = 4B2614E527E8934F0052F1FB /* BSTSampleTests.xctest */;
			productType = "com.apple.product-type.bundle.unit-test";
		};
		4B2614EE27E8934F0052F1FB /* BSTSampleUITests */ = {
			isa = PBXNativeTarget;
			buildConfigurationList = 4B2614FF27E8934F0052F1FB /* Build configuration list for PBXNativeTarget "BSTSampleUITests" */;
			buildPhases = (
				4B2614EB27E8934F0052F1FB /* Sources */,
				4B2614EC27E8934F0052F1FB /* Frameworks */,
				4B2614ED27E8934F0052F1FB /* Resources */,
			);
			buildRules = (
			);
			dependencies = (
				4B2614F127E8934F0052F1FB /* PBXTargetDependency */,
			);
			name = BSTSampleUITests;
			productName = BSTSampleUITests;
			productReference = 4B2614EF27E8934F0052F1FB /* BSTSampleUITests.xctest */;
			productType = "com.apple.product-type.bundle.ui-testing";
		};
/* End PBXNativeTarget section */

/* Begin PBXProject section */
		4B2614C727E8934D0052F1FB /* Project object */ = {
			isa = PBXProject;
			attributes = {
				BuildIndependentTargetsInParallel = 1;
				LastSwiftUpdateCheck = 1320;
				LastUpgradeCheck = 1320;
				TargetAttributes = {
					4B2614CE27E8934D0052F1FB = {
						CreatedOnToolsVersion = 13.2.1;
					};
					4B2614E427E8934F0052F1FB = {
						CreatedOnToolsVersion = 13.2.1;
						TestTargetID = 4B2614CE27E8934D0052F1FB;
					};
					4B2614EE27E8934F0052F1FB = {
						CreatedOnToolsVersion = 13.2.1;
						TestTargetID = 4B2614CE27E8934D0052F1FB;
					};
				};
			};
			buildConfigurationList = 4B2614CA27E8934D0052F1FB /* Build configuration list for PBXProject "BSTSample" */;
			compatibilityVersion = "Xcode 13.0";
			developmentRegion = en;
			hasScannedForEncodings = 0;
			knownRegions = (
				en,
				Base,
			);
			mainGroup = 4B2614C627E8934D0052F1FB;
			productRefGroup = 4B2614D027E8934D0052F1FB /* Products */;
			projectDirPath = "";
			projectRoot = "";
			targets = (
				4B2614CE27E8934D0052F1FB /* BSTSample */,
				4B2614E427E8934F0052F1FB /* BSTSampleTests */,
				4B2614EE27E8934F0052F1FB /* BSTSampleUITests */,
			);
		};
/* End PBXProject section */

/* Begin PBXResourcesBuildPhase section */
		4B2614CD27E8934D0052F1FB /* Resources */ = {
			isa = PBXResourcesBuildPhase;
			buildActionMask = 2147483647;
			files = (
				4B2614DF27E8934E0052F1FB /* LaunchScreen.storyboard in Resources */,
				4B2614DC27E8934E0052F1FB /* Assets.xcassets in Resources */,
			);
			runOnlyForDeploymentPostprocessing = 0;
		};
		4B2614E327E8934F0052F1FB /* Resources */ = {
			isa = PBXResourcesBuildPhase;
			buildActionMask = 2147483647;
			files = (
			);
			runOnlyForDeploymentPostprocessing = 0;
		};
		4B2614ED27E8934F0052F1FB /* Resources */ = {
			isa = PBXResourcesBuildPhase;
			buildActionMask = 2147483647;
			files = (
			);
			runOnlyForDeploymentPostprocessing = 0;
		};
/* End PBXResourcesBuildPhase section */

/* Begin PBXShellScriptBuildPhase section */
		08856DA1E3E7DA1740179C50 /* [CP] Embed Pods Frameworks */ = {
			isa = PBXShellScriptBuildPhase;
			buildActionMask = 2147483647;
			files = (
			);
			inputFileListPaths = (
				"${PODS_ROOT}/Target Support Files/Pods-BSTSample/Pods-BSTSample-frameworks-${CONFIGURATION}-input-files.xcfilelist",
			);
			name = "[CP] Embed Pods Frameworks";
			outputFileListPaths = (
				"${PODS_ROOT}/Target Support Files/Pods-BSTSample/Pods-BSTSample-frameworks-${CONFIGURATION}-output-files.xcfilelist",
			);
			runOnlyForDeploymentPostprocessing = 0;
			shellPath = /bin/sh;
			shellScript = "\"${PODS_ROOT}/Target Support Files/Pods-BSTSample/Pods-BSTSample-frameworks.sh\"\n";
			showEnvVarsInLog = 0;
		};
		E303B54304E49864230216FD /* [CP] Check Pods Manifest.lock */ = {
			isa = PBXShellScriptBuildPhase;
			buildActionMask = 2147483647;
			files = (
			);
			inputFileListPaths = (
			);
			inputPaths = (
				"${PODS_PODFILE_DIR_PATH}/Podfile.lock",
				"${PODS_ROOT}/Manifest.lock",
			);
			name = "[CP] Check Pods Manifest.lock";
			outputFileListPaths = (
			);
			outputPaths = (
				"$(DERIVED_FILE_DIR)/Pods-BSTSample-checkManifestLockResult.txt",
			);
			runOnlyForDeploymentPostprocessing = 0;
			shellPath = /bin/sh;
			shellScript = "diff \"${PODS_PODFILE_DIR_PATH}/Podfile.lock\" \"${PODS_ROOT}/Manifest.lock\" > /dev/null\nif [ $? != 0 ] ; then\n    # print error to STDERR\n    echo \"error: The sandbox is not in sync with the Podfile.lock. Run 'pod install' or update your CocoaPods installation.\" >&2\n    exit 1\nfi\n# This output is used by Xcode 'outputs' to avoid re-running this script phase.\necho \"SUCCESS\" > \"${SCRIPT_OUTPUT_FILE_0}\"\n";
			showEnvVarsInLog = 0;
		};
/* End PBXShellScriptBuildPhase section */

/* Begin PBXSourcesBuildPhase section */
		4B2614CB27E8934D0052F1FB /* Sources */ = {
			isa = PBXSourcesBuildPhase;
			buildActionMask = 2147483647;
			files = (
				4BA7D8AA286070E600DE8631 /* CustomEntryPointButton.swift in Sources */,
				4B2614D727E8934D0052F1FB /* ViewController.swift in Sources */,
				4B2614D327E8934D0052F1FB /* AppDelegate.swift in Sources */,
			);
			runOnlyForDeploymentPostprocessing = 0;
		};
		4B2614E127E8934F0052F1FB /* Sources */ = {
			isa = PBXSourcesBuildPhase;
			buildActionMask = 2147483647;
			files = (
				4B2614EA27E8934F0052F1FB /* BSTSampleTests.swift in Sources */,
			);
			runOnlyForDeploymentPostprocessing = 0;
		};
		4B2614EB27E8934F0052F1FB /* Sources */ = {
			isa = PBXSourcesBuildPhase;
			buildActionMask = 2147483647;
			files = (
				4B2614F627E8934F0052F1FB /* BSTSampleUITestsLaunchTests.swift in Sources */,
				4B2614F427E8934F0052F1FB /* BSTSampleUITests.swift in Sources */,
			);
			runOnlyForDeploymentPostprocessing = 0;
		};
/* End PBXSourcesBuildPhase section */

/* Begin PBXTargetDependency section */
		4B2614E727E8934F0052F1FB /* PBXTargetDependency */ = {
			isa = PBXTargetDependency;
			target = 4B2614CE27E8934D0052F1FB /* BSTSample */;
			targetProxy = 4B2614E627E8934F0052F1FB /* PBXContainerItemProxy */;
		};
		4B2614F127E8934F0052F1FB /* PBXTargetDependency */ = {
			isa = PBXTargetDependency;
			target = 4B2614CE27E8934D0052F1FB /* BSTSample */;
			targetProxy = 4B2614F027E8934F0052F1FB /* PBXContainerItemProxy */;
		};
/* End PBXTargetDependency section */

/* Begin PBXVariantGroup section */
		4B2614DD27E8934E0052F1FB /* LaunchScreen.storyboard */ = {
			isa = PBXVariantGroup;
			children = (
				4B2614DE27E8934E0052F1FB /* Base */,
			);
			name = LaunchScreen.storyboard;
			sourceTree = "<group>";
		};
/* End PBXVariantGroup section */

/* Begin XCBuildConfiguration section */
		4B2614F727E8934F0052F1FB /* Debug */ = {
			isa = XCBuildConfiguration;
			buildSettings = {
				ALWAYS_SEARCH_USER_PATHS = NO;
				CLANG_ANALYZER_NONNULL = YES;
				CLANG_ANALYZER_NUMBER_OBJECT_CONVERSION = YES_AGGRESSIVE;
				CLANG_CXX_LANGUAGE_STANDARD = "gnu++17";
				CLANG_CXX_LIBRARY = "libc++";
				CLANG_ENABLE_MODULES = YES;
				CLANG_ENABLE_OBJC_ARC = YES;
				CLANG_ENABLE_OBJC_WEAK = YES;
				CLANG_WARN_BLOCK_CAPTURE_AUTORELEASING = YES;
				CLANG_WARN_BOOL_CONVERSION = YES;
				CLANG_WARN_COMMA = YES;
				CLANG_WARN_CONSTANT_CONVERSION = YES;
				CLANG_WARN_DEPRECATED_OBJC_IMPLEMENTATIONS = YES;
				CLANG_WARN_DIRECT_OBJC_ISA_USAGE = YES_ERROR;
				CLANG_WARN_DOCUMENTATION_COMMENTS = YES;
				CLANG_WARN_EMPTY_BODY = YES;
				CLANG_WARN_ENUM_CONVERSION = YES;
				CLANG_WARN_INFINITE_RECURSION = YES;
				CLANG_WARN_INT_CONVERSION = YES;
				CLANG_WARN_NON_LITERAL_NULL_CONVERSION = YES;
				CLANG_WARN_OBJC_IMPLICIT_RETAIN_SELF = YES;
				CLANG_WARN_OBJC_LITERAL_CONVERSION = YES;
				CLANG_WARN_OBJC_ROOT_CLASS = YES_ERROR;
				CLANG_WARN_QUOTED_INCLUDE_IN_FRAMEWORK_HEADER = YES;
				CLANG_WARN_RANGE_LOOP_ANALYSIS = YES;
				CLANG_WARN_STRICT_PROTOTYPES = YES;
				CLANG_WARN_SUSPICIOUS_MOVE = YES;
				CLANG_WARN_UNGUARDED_AVAILABILITY = YES_AGGRESSIVE;
				CLANG_WARN_UNREACHABLE_CODE = YES;
				CLANG_WARN__DUPLICATE_METHOD_MATCH = YES;
				COPY_PHASE_STRIP = NO;
				DEBUG_INFORMATION_FORMAT = dwarf;
				ENABLE_STRICT_OBJC_MSGSEND = YES;
				ENABLE_TESTABILITY = YES;
				GCC_C_LANGUAGE_STANDARD = gnu11;
				GCC_DYNAMIC_NO_PIC = NO;
				GCC_NO_COMMON_BLOCKS = YES;
				GCC_OPTIMIZATION_LEVEL = 0;
				GCC_PREPROCESSOR_DEFINITIONS = (
					"DEBUG=1",
					"$(inherited)",
				);
				GCC_WARN_64_TO_32_BIT_CONVERSION = YES;
				GCC_WARN_ABOUT_RETURN_TYPE = YES_ERROR;
				GCC_WARN_UNDECLARED_SELECTOR = YES;
				GCC_WARN_UNINITIALIZED_AUTOS = YES_AGGRESSIVE;
				GCC_WARN_UNUSED_FUNCTION = YES;
				GCC_WARN_UNUSED_VARIABLE = YES;
				IPHONEOS_DEPLOYMENT_TARGET = 10.0;
				MTL_ENABLE_DEBUG_INFO = INCLUDE_SOURCE;
				MTL_FAST_MATH = YES;
				ONLY_ACTIVE_ARCH = YES;
				SDKROOT = iphoneos;
				SWIFT_ACTIVE_COMPILATION_CONDITIONS = DEBUG;
				SWIFT_OPTIMIZATION_LEVEL = "-Onone";
			};
			name = Debug;
		};
		4B2614F827E8934F0052F1FB /* Release */ = {
			isa = XCBuildConfiguration;
			buildSettings = {
				ALWAYS_SEARCH_USER_PATHS = NO;
				CLANG_ANALYZER_NONNULL = YES;
				CLANG_ANALYZER_NUMBER_OBJECT_CONVERSION = YES_AGGRESSIVE;
				CLANG_CXX_LANGUAGE_STANDARD = "gnu++17";
				CLANG_CXX_LIBRARY = "libc++";
				CLANG_ENABLE_MODULES = YES;
				CLANG_ENABLE_OBJC_ARC = YES;
				CLANG_ENABLE_OBJC_WEAK = YES;
				CLANG_WARN_BLOCK_CAPTURE_AUTORELEASING = YES;
				CLANG_WARN_BOOL_CONVERSION = YES;
				CLANG_WARN_COMMA = YES;
				CLANG_WARN_CONSTANT_CONVERSION = YES;
				CLANG_WARN_DEPRECATED_OBJC_IMPLEMENTATIONS = YES;
				CLANG_WARN_DIRECT_OBJC_ISA_USAGE = YES_ERROR;
				CLANG_WARN_DOCUMENTATION_COMMENTS = YES;
				CLANG_WARN_EMPTY_BODY = YES;
				CLANG_WARN_ENUM_CONVERSION = YES;
				CLANG_WARN_INFINITE_RECURSION = YES;
				CLANG_WARN_INT_CONVERSION = YES;
				CLANG_WARN_NON_LITERAL_NULL_CONVERSION = YES;
				CLANG_WARN_OBJC_IMPLICIT_RETAIN_SELF = YES;
				CLANG_WARN_OBJC_LITERAL_CONVERSION = YES;
				CLANG_WARN_OBJC_ROOT_CLASS = YES_ERROR;
				CLANG_WARN_QUOTED_INCLUDE_IN_FRAMEWORK_HEADER = YES;
				CLANG_WARN_RANGE_LOOP_ANALYSIS = YES;
				CLANG_WARN_STRICT_PROTOTYPES = YES;
				CLANG_WARN_SUSPICIOUS_MOVE = YES;
				CLANG_WARN_UNGUARDED_AVAILABILITY = YES_AGGRESSIVE;
				CLANG_WARN_UNREACHABLE_CODE = YES;
				CLANG_WARN__DUPLICATE_METHOD_MATCH = YES;
				COPY_PHASE_STRIP = NO;
				DEBUG_INFORMATION_FORMAT = "dwarf-with-dsym";
				ENABLE_NS_ASSERTIONS = NO;
				ENABLE_STRICT_OBJC_MSGSEND = YES;
				GCC_C_LANGUAGE_STANDARD = gnu11;
				GCC_NO_COMMON_BLOCKS = YES;
				GCC_WARN_64_TO_32_BIT_CONVERSION = YES;
				GCC_WARN_ABOUT_RETURN_TYPE = YES_ERROR;
				GCC_WARN_UNDECLARED_SELECTOR = YES;
				GCC_WARN_UNINITIALIZED_AUTOS = YES_AGGRESSIVE;
				GCC_WARN_UNUSED_FUNCTION = YES;
				GCC_WARN_UNUSED_VARIABLE = YES;
				IPHONEOS_DEPLOYMENT_TARGET = 10.0;
				MTL_ENABLE_DEBUG_INFO = NO;
				MTL_FAST_MATH = YES;
				SDKROOT = iphoneos;
				SWIFT_COMPILATION_MODE = wholemodule;
				SWIFT_OPTIMIZATION_LEVEL = "-O";
				VALIDATE_PRODUCT = YES;
			};
			name = Release;
		};
		4B2614FA27E8934F0052F1FB /* Debug */ = {
			isa = XCBuildConfiguration;
			baseConfigurationReference = 2D63516972EDABA171232FF5 /* Pods-BSTSample.debug.xcconfig */;
			buildSettings = {
				ASSETCATALOG_COMPILER_APPICON_NAME = AppIcon;
				ASSETCATALOG_COMPILER_GLOBAL_ACCENT_COLOR_NAME = AccentColor;
				CODE_SIGN_STYLE = Automatic;
				CURRENT_PROJECT_VERSION = 1;
				DEVELOPMENT_TEAM = 67369282ZY;
				GENERATE_INFOPLIST_FILE = YES;
				INFOPLIST_FILE = BSTSample/Info.plist;
				INFOPLIST_KEY_UIApplicationSupportsIndirectInputEvents = YES;
				INFOPLIST_KEY_UILaunchStoryboardName = LaunchScreen;
				INFOPLIST_KEY_UISupportedInterfaceOrientations_iPad = "UIInterfaceOrientationPortrait UIInterfaceOrientationPortraitUpsideDown UIInterfaceOrientationLandscapeLeft UIInterfaceOrientationLandscapeRight";
				INFOPLIST_KEY_UISupportedInterfaceOrientations_iPhone = "UIInterfaceOrientationPortrait UIInterfaceOrientationLandscapeLeft UIInterfaceOrientationLandscapeRight";
				IPHONEOS_DEPLOYMENT_TARGET = 10.0;
				LD_RUNPATH_SEARCH_PATHS = (
					"$(inherited)",
					"@executable_path/Frameworks",
				);
				MARKETING_VERSION = 1.0;
				PRODUCT_BUNDLE_IDENTIFIER = com.buzzvil.BSTSample;
				PRODUCT_NAME = "$(TARGET_NAME)";
				SWIFT_EMIT_LOC_STRINGS = YES;
				SWIFT_VERSION = 5.0;
				TARGETED_DEVICE_FAMILY = "1,2";
			};
			name = Debug;
		};
		4B2614FB27E8934F0052F1FB /* Release */ = {
			isa = XCBuildConfiguration;
			baseConfigurationReference = F10215CE3BFD003F51F4E79B /* Pods-BSTSample.release.xcconfig */;
			buildSettings = {
				ASSETCATALOG_COMPILER_APPICON_NAME = AppIcon;
				ASSETCATALOG_COMPILER_GLOBAL_ACCENT_COLOR_NAME = AccentColor;
				CODE_SIGN_STYLE = Automatic;
				CURRENT_PROJECT_VERSION = 1;
				DEVELOPMENT_TEAM = 67369282ZY;
				GENERATE_INFOPLIST_FILE = YES;
				INFOPLIST_FILE = BSTSample/Info.plist;
				INFOPLIST_KEY_UIApplicationSupportsIndirectInputEvents = YES;
				INFOPLIST_KEY_UILaunchStoryboardName = LaunchScreen;
				INFOPLIST_KEY_UISupportedInterfaceOrientations_iPad = "UIInterfaceOrientationPortrait UIInterfaceOrientationPortraitUpsideDown UIInterfaceOrientationLandscapeLeft UIInterfaceOrientationLandscapeRight";
				INFOPLIST_KEY_UISupportedInterfaceOrientations_iPhone = "UIInterfaceOrientationPortrait UIInterfaceOrientationLandscapeLeft UIInterfaceOrientationLandscapeRight";
				IPHONEOS_DEPLOYMENT_TARGET = 10.0;
				LD_RUNPATH_SEARCH_PATHS = (
					"$(inherited)",
					"@executable_path/Frameworks",
				);
				MARKETING_VERSION = 1.0;
				PRODUCT_BUNDLE_IDENTIFIER = com.buzzvil.BSTSample;
				PRODUCT_NAME = "$(TARGET_NAME)";
				SWIFT_EMIT_LOC_STRINGS = YES;
				SWIFT_VERSION = 5.0;
				TARGETED_DEVICE_FAMILY = "1,2";
			};
			name = Release;
		};
		4B2614FD27E8934F0052F1FB /* Debug */ = {
			isa = XCBuildConfiguration;
			buildSettings = {
				ALWAYS_EMBED_SWIFT_STANDARD_LIBRARIES = YES;
				BUNDLE_LOADER = "$(TEST_HOST)";
				CODE_SIGN_STYLE = Automatic;
				CURRENT_PROJECT_VERSION = 1;
				DEVELOPMENT_TEAM = 67369282ZY;
				GENERATE_INFOPLIST_FILE = YES;
				IPHONEOS_DEPLOYMENT_TARGET = 15.2;
				MARKETING_VERSION = 1.0;
				PRODUCT_BUNDLE_IDENTIFIER = com.buzzvil.BSTSampleTests;
				PRODUCT_NAME = "$(TARGET_NAME)";
				SWIFT_EMIT_LOC_STRINGS = NO;
				SWIFT_VERSION = 5.0;
				TARGETED_DEVICE_FAMILY = "1,2";
				TEST_HOST = "$(BUILT_PRODUCTS_DIR)/BSTSample.app/BSTSample";
			};
			name = Debug;
		};
		4B2614FE27E8934F0052F1FB /* Release */ = {
			isa = XCBuildConfiguration;
			buildSettings = {
				ALWAYS_EMBED_SWIFT_STANDARD_LIBRARIES = YES;
				BUNDLE_LOADER = "$(TEST_HOST)";
				CODE_SIGN_STYLE = Automatic;
				CURRENT_PROJECT_VERSION = 1;
				DEVELOPMENT_TEAM = 67369282ZY;
				GENERATE_INFOPLIST_FILE = YES;
				IPHONEOS_DEPLOYMENT_TARGET = 15.2;
				MARKETING_VERSION = 1.0;
				PRODUCT_BUNDLE_IDENTIFIER = com.buzzvil.BSTSampleTests;
				PRODUCT_NAME = "$(TARGET_NAME)";
				SWIFT_EMIT_LOC_STRINGS = NO;
				SWIFT_VERSION = 5.0;
				TARGETED_DEVICE_FAMILY = "1,2";
				TEST_HOST = "$(BUILT_PRODUCTS_DIR)/BSTSample.app/BSTSample";
			};
			name = Release;
		};
		4B26150027E8934F0052F1FB /* Debug */ = {
			isa = XCBuildConfiguration;
			buildSettings = {
				ALWAYS_EMBED_SWIFT_STANDARD_LIBRARIES = YES;
				CODE_SIGN_STYLE = Automatic;
				CURRENT_PROJECT_VERSION = 1;
				DEVELOPMENT_TEAM = 67369282ZY;
				GENERATE_INFOPLIST_FILE = YES;
				MARKETING_VERSION = 1.0;
				PRODUCT_BUNDLE_IDENTIFIER = com.buzzvil.BSTSampleUITests;
				PRODUCT_NAME = "$(TARGET_NAME)";
				SWIFT_EMIT_LOC_STRINGS = NO;
				SWIFT_VERSION = 5.0;
				TARGETED_DEVICE_FAMILY = "1,2";
				TEST_TARGET_NAME = BSTSample;
			};
			name = Debug;
		};
		4B26150127E8934F0052F1FB /* Release */ = {
			isa = XCBuildConfiguration;
			buildSettings = {
				ALWAYS_EMBED_SWIFT_STANDARD_LIBRARIES = YES;
				CODE_SIGN_STYLE = Automatic;
				CURRENT_PROJECT_VERSION = 1;
				DEVELOPMENT_TEAM = 67369282ZY;
				GENERATE_INFOPLIST_FILE = YES;
				MARKETING_VERSION = 1.0;
				PRODUCT_BUNDLE_IDENTIFIER = com.buzzvil.BSTSampleUITests;
				PRODUCT_NAME = "$(TARGET_NAME)";
				SWIFT_EMIT_LOC_STRINGS = NO;
				SWIFT_VERSION = 5.0;
				TARGETED_DEVICE_FAMILY = "1,2";
				TEST_TARGET_NAME = BSTSample;
			};
			name = Release;
		};
/* End XCBuildConfiguration section */

/* Begin XCConfigurationList section */
		4B2614CA27E8934D0052F1FB /* Build configuration list for PBXProject "BSTSample" */ = {
			isa = XCConfigurationList;
			buildConfigurations = (
				4B2614F727E8934F0052F1FB /* Debug */,
				4B2614F827E8934F0052F1FB /* Release */,
			);
			defaultConfigurationIsVisible = 0;
			defaultConfigurationName = Release;
		};
		4B2614F927E8934F0052F1FB /* Build configuration list for PBXNativeTarget "BSTSample" */ = {
			isa = XCConfigurationList;
			buildConfigurations = (
				4B2614FA27E8934F0052F1FB /* Debug */,
				4B2614FB27E8934F0052F1FB /* Release */,
			);
			defaultConfigurationIsVisible = 0;
			defaultConfigurationName = Release;
		};
		4B2614FC27E8934F0052F1FB /* Build configuration list for PBXNativeTarget "BSTSampleTests" */ = {
			isa = XCConfigurationList;
			buildConfigurations = (
				4B2614FD27E8934F0052F1FB /* Debug */,
				4B2614FE27E8934F0052F1FB /* Release */,
			);
			defaultConfigurationIsVisible = 0;
			defaultConfigurationName = Release;
		};
		4B2614FF27E8934F0052F1FB /* Build configuration list for PBXNativeTarget "BSTSampleUITests" */ = {
			isa = XCConfigurationList;
			buildConfigurations = (
				4B26150027E8934F0052F1FB /* Debug */,
				4B26150127E8934F0052F1FB /* Release */,
			);
			defaultConfigurationIsVisible = 0;
			defaultConfigurationName = Release;
		};
/* End XCConfigurationList section */
	};
	rootObject = 4B2614C727E8934D0052F1FB /* Project object */;
}
