// !$*UTF8*$!
{
	archiveVersion = 1;
	classes = {
	};
	objectVersion = 51;
	objects = {

/* Begin PBXBuildFile section */
		001D85B72A383EDC001738BD /* FeedPromotionCell.m in Sources */ = {isa = PBXBuildFile; fileRef = 001D85B62A383EDC001738BD /* FeedPromotionCell.m */; };
		650CC82629E9623D0059A92D /* CarouselViewController.m in Sources */ = {isa = PBXBuildFile; fileRef = 650CC82529E9623D0059A92D /* CarouselViewController.m */; };
		650CC82929EE971E0059A92D /* CarouselCell.m in Sources */ = {isa = PBXBuildFile; fileRef = 650CC82829EE971E0059A92D /* CarouselCell.m */; };
		6519F7882BABBD4500F44BBC /* BannerViewController.m in Sources */ = {isa = PBXBuildFile; fileRef = 6519F7872BABBD4500F44BBC /* BannerViewController.m */; };
		6567783F29F0D38F006D4E90 /* CarouselFeedEntryView.m in Sources */ = {isa = PBXBuildFile; fileRef = 6567783E29F0D38F006D4E90 /* CarouselFeedEntryView.m */; };
		65FDA0732910F91200DF170F /* Native2ViewController.m in Sources */ = {isa = PBXBuildFile; fileRef = 65FDA0722910F91200DF170F /* Native2ViewController.m */; };
		683F0936FBFC48292F446A65 /* Pods_BABSample.framework in Frameworks */ = {isa = PBXBuildFile; fileRef = B1C010A71222260E34CF771D /* Pods_BABSample.framework */; };
		696534F725183A3600714D40 /* AppTrackingTransparency.framework in Frameworks */ = {isa = PBXBuildFile; fileRef = 696534B6251681CE00714D40 /* AppTrackingTransparency.framework */; settings = {ATTRIBUTES = (Weak, ); }; };
		6B9435E328223B2900E79DBE /* CustomFeedBaseRewardViewHolder.m in Sources */ = {isa = PBXBuildFile; fileRef = 6B9435E228223B2900E79DBE /* CustomFeedBaseRewardViewHolder.m */; };
		C4307AB8244D299F00F0C436 /* WebViewController.m in Sources */ = {isa = PBXBuildFile; fileRef = C4307AB3244D299F00F0C436 /* WebViewController.m */; };
		C4A297502240F06900F6D677 /* AppDelegate.m in Sources */ = {isa = PBXBuildFile; fileRef = C4A2974F2240F06900F6D677 /* AppDelegate.m */; };
		C4A297532240F06900F6D677 /* ViewController.m in Sources */ = {isa = PBXBuildFile; fileRef = C4A297522240F06900F6D677 /* ViewController.m */; };
		C4A297582240F06B00F6D677 /* Assets.xcassets in Resources */ = {isa = PBXBuildFile; fileRef = C4A297572240F06B00F6D677 /* Assets.xcassets */; };
		C4A2975B2240F06B00F6D677 /* LaunchScreen.storyboard in Resources */ = {isa = PBXBuildFile; fileRef = C4A297592240F06B00F6D677 /* LaunchScreen.storyboard */; };
		C4A2975E2240F06B00F6D677 /* main.m in Sources */ = {isa = PBXBuildFile; fileRef = C4A2975D2240F06B00F6D677 /* main.m */; };
		D626FB91273E3AF900103555 /* FeedEntryViewController.m in Sources */ = {isa = PBXBuildFile; fileRef = D626FB90273E3AF900103555 /* FeedEntryViewController.m */; };
		D626FB94273E3B0E00103555 /* FeedEntryIcon.m in Sources */ = {isa = PBXBuildFile; fileRef = D626FB93273E3B0E00103555 /* FeedEntryIcon.m */; };
		D626FB97273E3B2900103555 /* FeedEntryIconWithMessage.m in Sources */ = {isa = PBXBuildFile; fileRef = D626FB96273E3B2900103555 /* FeedEntryIconWithMessage.m */; };
		D626FB9A273E3B3F00103555 /* FeedEntryBanner.m in Sources */ = {isa = PBXBuildFile; fileRef = D626FB99273E3B3F00103555 /* FeedEntryBanner.m */; };
		D626FB9D273E3B5100103555 /* FeedEntryButton.m in Sources */ = {isa = PBXBuildFile; fileRef = D626FB9C273E3B5100103555 /* FeedEntryButton.m */; };
		D626FBA0273E3B6600103555 /* MessageView.m in Sources */ = {isa = PBXBuildFile; fileRef = D626FB9F273E3B6600103555 /* MessageView.m */; };
		D65AC7D226493B3500479161 /* WebToFeedSample.html in Resources */ = {isa = PBXBuildFile; fileRef = D65AC7D126493B3500479161 /* WebToFeedSample.html */; };
		D65AC80E264A2DE600479161 /* WebToFeedViewController.m in Sources */ = {isa = PBXBuildFile; fileRef = D65AC80D264A2DE600479161 /* WebToFeedViewController.m */; };
		D67A47D227B24A6E00C5B4DC /* FeedViewController.m in Sources */ = {isa = PBXBuildFile; fileRef = D67A47D127B24A6E00C5B4DC /* FeedViewController.m */; };
		D67A47D527B24AA000C5B4DC /* ContainerViewController.m in Sources */ = {isa = PBXBuildFile; fileRef = D67A47D427B24AA000C5B4DC /* ContainerViewController.m */; };
		D67A47D827B24B4A00C5B4DC /* CustomFeedAdViewHolder.m in Sources */ = {isa = PBXBuildFile; fileRef = D67A47D727B24B4A00C5B4DC /* CustomFeedAdViewHolder.m */; };
		D67A47DB27B24B7900C5B4DC /* CustomFeedCpsAdViewHolder.m in Sources */ = {isa = PBXBuildFile; fileRef = D67A47DA27B24B7900C5B4DC /* CustomFeedCpsAdViewHolder.m */; };
		D67A47DE27B24B9900C5B4DC /* CustomFeedErrorViewHolder.m in Sources */ = {isa = PBXBuildFile; fileRef = D67A47DD27B24B9900C5B4DC /* CustomFeedErrorViewHolder.m */; };
		D67A47E127B24BBD00C5B4DC /* CustomFeedHeaderViewHolder.m in Sources */ = {isa = PBXBuildFile; fileRef = D67A47E027B24BBD00C5B4DC /* CustomFeedHeaderViewHolder.m */; };
		D67A47E527B24DD100C5B4DC /* CustomCtaView.m in Sources */ = {isa = PBXBuildFile; fileRef = D67A47E427B24DD100C5B4DC /* CustomCtaView.m */; };
		D67A47E827B24F3F00C5B4DC /* NativeViewController.m in Sources */ = {isa = PBXBuildFile; fileRef = D67A47E727B24F3F00C5B4DC /* NativeViewController.m */; };
		D67A47EC27B2502400C5B4DC /* InterstitialViewController.m in Sources */ = {isa = PBXBuildFile; fileRef = D67A47EB27B2502400C5B4DC /* InterstitialViewController.m */; };
		D67A47F127B2588300C5B4DC /* CustomBrowserViewController.m in Sources */ = {isa = PBXBuildFile; fileRef = D67A47F027B2588300C5B4DC /* CustomBrowserViewController.m */; };
		D6E4C05827B22CF40062B597 /* AppConstant.m in Sources */ = {isa = PBXBuildFile; fileRef = D6E4C05727B22CF40062B597 /* AppConstant.m */; };
		D6E4C05B27B22F960062B597 /* UIButton+Custom.m in Sources */ = {isa = PBXBuildFile; fileRef = D6E4C05A27B22F960062B597 /* UIButton+Custom.m */; };
/* End PBXBuildFile section */

/* Begin PBXFileReference section */
		001D85B62A383EDC001738BD /* FeedPromotionCell.m */ = {isa = PBXFileReference; lastKnownFileType = sourcecode.c.objc; path = FeedPromotionCell.m; sourceTree = "<group>"; };
		001D85B82A383F34001738BD /* FeedPromotionCell.h */ = {isa = PBXFileReference; lastKnownFileType = sourcecode.c.h; path = FeedPromotionCell.h; sourceTree = "<group>"; };
		650CC82429E9623D0059A92D /* CarouselViewController.h */ = {isa = PBXFileReference; lastKnownFileType = sourcecode.c.h; path = CarouselViewController.h; sourceTree = "<group>"; };
		650CC82529E9623D0059A92D /* CarouselViewController.m */ = {isa = PBXFileReference; lastKnownFileType = sourcecode.c.objc; path = CarouselViewController.m; sourceTree = "<group>"; };
		650CC82729EE971E0059A92D /* CarouselCell.h */ = {isa = PBXFileReference; lastKnownFileType = sourcecode.c.h; path = CarouselCell.h; sourceTree = "<group>"; };
		650CC82829EE971E0059A92D /* CarouselCell.m */ = {isa = PBXFileReference; lastKnownFileType = sourcecode.c.objc; path = CarouselCell.m; sourceTree = "<group>"; };
		6519F7862BABBD4500F44BBC /* BannerViewController.h */ = {isa = PBXFileReference; lastKnownFileType = sourcecode.c.h; path = BannerViewController.h; sourceTree = "<group>"; };
		6519F7872BABBD4500F44BBC /* BannerViewController.m */ = {isa = PBXFileReference; lastKnownFileType = sourcecode.c.objc; path = BannerViewController.m; sourceTree = "<group>"; };
		6567783D29F0D38F006D4E90 /* CarouselFeedEntryView.h */ = {isa = PBXFileReference; lastKnownFileType = sourcecode.c.h; path = CarouselFeedEntryView.h; sourceTree = "<group>"; };
		6567783E29F0D38F006D4E90 /* CarouselFeedEntryView.m */ = {isa = PBXFileReference; lastKnownFileType = sourcecode.c.objc; path = CarouselFeedEntryView.m; sourceTree = "<group>"; };
		65FDA0712910F91200DF170F /* Native2ViewController.h */ = {isa = PBXFileReference; lastKnownFileType = sourcecode.c.h; path = Native2ViewController.h; sourceTree = "<group>"; };
		65FDA0722910F91200DF170F /* Native2ViewController.m */ = {isa = PBXFileReference; lastKnownFileType = sourcecode.c.objc; path = Native2ViewController.m; sourceTree = "<group>"; };
		696534B6251681CE00714D40 /* AppTrackingTransparency.framework */ = {isa = PBXFileReference; lastKnownFileType = wrapper.framework; name = AppTrackingTransparency.framework; path = System/Library/Frameworks/AppTrackingTransparency.framework; sourceTree = SDKROOT; };
		6B9435E128223B2900E79DBE /* CustomFeedBaseRewardViewHolder.h */ = {isa = PBXFileReference; lastKnownFileType = sourcecode.c.h; path = CustomFeedBaseRewardViewHolder.h; sourceTree = "<group>"; };
		6B9435E228223B2900E79DBE /* CustomFeedBaseRewardViewHolder.m */ = {isa = PBXFileReference; lastKnownFileType = sourcecode.c.objc; path = CustomFeedBaseRewardViewHolder.m; sourceTree = "<group>"; };
		A362F45A0AC90E9E43BCED2A /* Pods-BABSample.release.xcconfig */ = {isa = PBXFileReference; includeInIndex = 1; lastKnownFileType = text.xcconfig; name = "Pods-BABSample.release.xcconfig"; path = "Target Support Files/Pods-BABSample/Pods-BABSample.release.xcconfig"; sourceTree = "<group>"; };
		B1C010A71222260E34CF771D /* Pods_BABSample.framework */ = {isa = PBXFileReference; explicitFileType = wrapper.framework; includeInIndex = 0; path = Pods_BABSample.framework; sourceTree = BUILT_PRODUCTS_DIR; };
		B90EC31CED27BA0129A0BDF2 /* Pods-BABSample.debug.xcconfig */ = {isa = PBXFileReference; includeInIndex = 1; lastKnownFileType = text.xcconfig; name = "Pods-BABSample.debug.xcconfig"; path = "Target Support Files/Pods-BABSample/Pods-BABSample.debug.xcconfig"; sourceTree = "<group>"; };
		C4307AAC244D299E00F0C436 /* WebViewController.h */ = {isa = PBXFileReference; fileEncoding = 4; lastKnownFileType = sourcecode.c.h; path = WebViewController.h; sourceTree = "<group>"; };
		C4307AB3244D299F00F0C436 /* WebViewController.m */ = {isa = PBXFileReference; fileEncoding = 4; lastKnownFileType = sourcecode.c.objc; path = WebViewController.m; sourceTree = "<group>"; };
		C4A2974B2240F06900F6D677 /* BABSample.app */ = {isa = PBXFileReference; explicitFileType = wrapper.application; includeInIndex = 0; path = BABSample.app; sourceTree = BUILT_PRODUCTS_DIR; };
		C4A2974E2240F06900F6D677 /* AppDelegate.h */ = {isa = PBXFileReference; lastKnownFileType = sourcecode.c.h; path = AppDelegate.h; sourceTree = "<group>"; };
		C4A2974F2240F06900F6D677 /* AppDelegate.m */ = {isa = PBXFileReference; lastKnownFileType = sourcecode.c.objc; path = AppDelegate.m; sourceTree = "<group>"; };
		C4A297512240F06900F6D677 /* ViewController.h */ = {isa = PBXFileReference; lastKnownFileType = sourcecode.c.h; path = ViewController.h; sourceTree = "<group>"; };
		C4A297522240F06900F6D677 /* ViewController.m */ = {isa = PBXFileReference; lastKnownFileType = sourcecode.c.objc; path = ViewController.m; sourceTree = "<group>"; };
		C4A297572240F06B00F6D677 /* Assets.xcassets */ = {isa = PBXFileReference; lastKnownFileType = folder.assetcatalog; path = Assets.xcassets; sourceTree = "<group>"; };
		C4A2975A2240F06B00F6D677 /* Base */ = {isa = PBXFileReference; lastKnownFileType = file.storyboard; name = Base; path = Base.lproj/LaunchScreen.storyboard; sourceTree = "<group>"; };
		C4A2975C2240F06B00F6D677 /* Info.plist */ = {isa = PBXFileReference; lastKnownFileType = text.plist.xml; path = Info.plist; sourceTree = "<group>"; };
		C4A2975D2240F06B00F6D677 /* main.m */ = {isa = PBXFileReference; lastKnownFileType = sourcecode.c.objc; path = main.m; sourceTree = "<group>"; };
		C4A297642240F0D500F6D677 /* Podfile */ = {isa = PBXFileReference; lastKnownFileType = text; path = Podfile; sourceTree = "<group>"; xcLanguageSpecificationIdentifier = xcode.lang.ruby; };
		D626FB8F273E3AF900103555 /* FeedEntryViewController.h */ = {isa = PBXFileReference; lastKnownFileType = sourcecode.c.h; path = FeedEntryViewController.h; sourceTree = "<group>"; };
		D626FB90273E3AF900103555 /* FeedEntryViewController.m */ = {isa = PBXFileReference; lastKnownFileType = sourcecode.c.objc; path = FeedEntryViewController.m; sourceTree = "<group>"; };
		D626FB92273E3B0E00103555 /* FeedEntryIcon.h */ = {isa = PBXFileReference; lastKnownFileType = sourcecode.c.h; path = FeedEntryIcon.h; sourceTree = "<group>"; };
		D626FB93273E3B0E00103555 /* FeedEntryIcon.m */ = {isa = PBXFileReference; lastKnownFileType = sourcecode.c.objc; path = FeedEntryIcon.m; sourceTree = "<group>"; };
		D626FB95273E3B2900103555 /* FeedEntryIconWithMessage.h */ = {isa = PBXFileReference; lastKnownFileType = sourcecode.c.h; path = FeedEntryIconWithMessage.h; sourceTree = "<group>"; };
		D626FB96273E3B2900103555 /* FeedEntryIconWithMessage.m */ = {isa = PBXFileReference; lastKnownFileType = sourcecode.c.objc; path = FeedEntryIconWithMessage.m; sourceTree = "<group>"; };
		D626FB98273E3B3F00103555 /* FeedEntryBanner.h */ = {isa = PBXFileReference; lastKnownFileType = sourcecode.c.h; path = FeedEntryBanner.h; sourceTree = "<group>"; };
		D626FB99273E3B3F00103555 /* FeedEntryBanner.m */ = {isa = PBXFileReference; lastKnownFileType = sourcecode.c.objc; path = FeedEntryBanner.m; sourceTree = "<group>"; };
		D626FB9B273E3B5100103555 /* FeedEntryButton.h */ = {isa = PBXFileReference; lastKnownFileType = sourcecode.c.h; path = FeedEntryButton.h; sourceTree = "<group>"; };
		D626FB9C273E3B5100103555 /* FeedEntryButton.m */ = {isa = PBXFileReference; lastKnownFileType = sourcecode.c.objc; path = FeedEntryButton.m; sourceTree = "<group>"; };
		D626FB9E273E3B6600103555 /* MessageView.h */ = {isa = PBXFileReference; lastKnownFileType = sourcecode.c.h; path = MessageView.h; sourceTree = "<group>"; };
		D626FB9F273E3B6600103555 /* MessageView.m */ = {isa = PBXFileReference; lastKnownFileType = sourcecode.c.objc; path = MessageView.m; sourceTree = "<group>"; };
		D65AC7D126493B3500479161 /* WebToFeedSample.html */ = {isa = PBXFileReference; lastKnownFileType = text.html; path = WebToFeedSample.html; sourceTree = "<group>"; };
		D65AC80C264A2DE600479161 /* WebToFeedViewController.h */ = {isa = PBXFileReference; lastKnownFileType = sourcecode.c.h; path = WebToFeedViewController.h; sourceTree = "<group>"; };
		D65AC80D264A2DE600479161 /* WebToFeedViewController.m */ = {isa = PBXFileReference; lastKnownFileType = sourcecode.c.objc; path = WebToFeedViewController.m; sourceTree = "<group>"; };
		D67A47D027B24A6E00C5B4DC /* FeedViewController.h */ = {isa = PBXFileReference; lastKnownFileType = sourcecode.c.h; path = FeedViewController.h; sourceTree = "<group>"; };
		D67A47D127B24A6E00C5B4DC /* FeedViewController.m */ = {isa = PBXFileReference; lastKnownFileType = sourcecode.c.objc; path = FeedViewController.m; sourceTree = "<group>"; };
		D67A47D327B24AA000C5B4DC /* ContainerViewController.h */ = {isa = PBXFileReference; lastKnownFileType = sourcecode.c.h; path = ContainerViewController.h; sourceTree = "<group>"; };
		D67A47D427B24AA000C5B4DC /* ContainerViewController.m */ = {isa = PBXFileReference; lastKnownFileType = sourcecode.c.objc; path = ContainerViewController.m; sourceTree = "<group>"; };
		D67A47D627B24B4A00C5B4DC /* CustomFeedAdViewHolder.h */ = {isa = PBXFileReference; lastKnownFileType = sourcecode.c.h; path = CustomFeedAdViewHolder.h; sourceTree = "<group>"; };
		D67A47D727B24B4A00C5B4DC /* CustomFeedAdViewHolder.m */ = {isa = PBXFileReference; lastKnownFileType = sourcecode.c.objc; path = CustomFeedAdViewHolder.m; sourceTree = "<group>"; };
		D67A47D927B24B7900C5B4DC /* CustomFeedCpsAdViewHolder.h */ = {isa = PBXFileReference; lastKnownFileType = sourcecode.c.h; path = CustomFeedCpsAdViewHolder.h; sourceTree = "<group>"; };
		D67A47DA27B24B7900C5B4DC /* CustomFeedCpsAdViewHolder.m */ = {isa = PBXFileReference; lastKnownFileType = sourcecode.c.objc; path = CustomFeedCpsAdViewHolder.m; sourceTree = "<group>"; };
		D67A47DC27B24B9900C5B4DC /* CustomFeedErrorViewHolder.h */ = {isa = PBXFileReference; lastKnownFileType = sourcecode.c.h; path = CustomFeedErrorViewHolder.h; sourceTree = "<group>"; };
		D67A47DD27B24B9900C5B4DC /* CustomFeedErrorViewHolder.m */ = {isa = PBXFileReference; lastKnownFileType = sourcecode.c.objc; path = CustomFeedErrorViewHolder.m; sourceTree = "<group>"; };
		D67A47DF27B24BBD00C5B4DC /* CustomFeedHeaderViewHolder.h */ = {isa = PBXFileReference; lastKnownFileType = sourcecode.c.h; path = CustomFeedHeaderViewHolder.h; sourceTree = "<group>"; };
		D67A47E027B24BBD00C5B4DC /* CustomFeedHeaderViewHolder.m */ = {isa = PBXFileReference; lastKnownFileType = sourcecode.c.objc; path = CustomFeedHeaderViewHolder.m; sourceTree = "<group>"; };
		D67A47E327B24DD100C5B4DC /* CustomCtaView.h */ = {isa = PBXFileReference; lastKnownFileType = sourcecode.c.h; path = CustomCtaView.h; sourceTree = "<group>"; };
		D67A47E427B24DD100C5B4DC /* CustomCtaView.m */ = {isa = PBXFileReference; lastKnownFileType = sourcecode.c.objc; path = CustomCtaView.m; sourceTree = "<group>"; };
		D67A47E627B24F3F00C5B4DC /* NativeViewController.h */ = {isa = PBXFileReference; lastKnownFileType = sourcecode.c.h; path = NativeViewController.h; sourceTree = "<group>"; };
		D67A47E727B24F3F00C5B4DC /* NativeViewController.m */ = {isa = PBXFileReference; lastKnownFileType = sourcecode.c.objc; path = NativeViewController.m; sourceTree = "<group>"; };
		D67A47EA27B2502400C5B4DC /* InterstitialViewController.h */ = {isa = PBXFileReference; lastKnownFileType = sourcecode.c.h; path = InterstitialViewController.h; sourceTree = "<group>"; };
		D67A47EB27B2502400C5B4DC /* InterstitialViewController.m */ = {isa = PBXFileReference; lastKnownFileType = sourcecode.c.objc; path = InterstitialViewController.m; sourceTree = "<group>"; };
		D67A47EF27B2588300C5B4DC /* CustomBrowserViewController.h */ = {isa = PBXFileReference; lastKnownFileType = sourcecode.c.h; path = CustomBrowserViewController.h; sourceTree = "<group>"; };
		D67A47F027B2588300C5B4DC /* CustomBrowserViewController.m */ = {isa = PBXFileReference; lastKnownFileType = sourcecode.c.objc; path = CustomBrowserViewController.m; sourceTree = "<group>"; };
		D6E4C05627B22CF40062B597 /* AppConstant.h */ = {isa = PBXFileReference; lastKnownFileType = sourcecode.c.h; path = AppConstant.h; sourceTree = "<group>"; };
		D6E4C05727B22CF40062B597 /* AppConstant.m */ = {isa = PBXFileReference; lastKnownFileType = sourcecode.c.objc; path = AppConstant.m; sourceTree = "<group>"; };
		D6E4C05927B22F960062B597 /* UIButton+Custom.h */ = {isa = PBXFileReference; lastKnownFileType = sourcecode.c.h; path = "UIButton+Custom.h"; sourceTree = "<group>"; };
		D6E4C05A27B22F960062B597 /* UIButton+Custom.m */ = {isa = PBXFileReference; lastKnownFileType = sourcecode.c.objc; path = "UIButton+Custom.m"; sourceTree = "<group>"; };
/* End PBXFileReference section */

/* Begin PBXFrameworksBuildPhase section */
		C4A297482240F06900F6D677 /* Frameworks */ = {
			isa = PBXFrameworksBuildPhase;
			buildActionMask = 2147483647;
			files = (
				696534F725183A3600714D40 /* AppTrackingTransparency.framework in Frameworks */,
				683F0936FBFC48292F446A65 /* Pods_BABSample.framework in Frameworks */,
			);
			runOnlyForDeploymentPostprocessing = 0;
		};
/* End PBXFrameworksBuildPhase section */

/* Begin PBXGroup section */
		650CC82329E9621E0059A92D /* Native2Carousel */ = {
			isa = PBXGroup;
			children = (
				650CC82729EE971E0059A92D /* CarouselCell.h */,
				650CC82829EE971E0059A92D /* CarouselCell.m */,
				6567783D29F0D38F006D4E90 /* CarouselFeedEntryView.h */,
				6567783E29F0D38F006D4E90 /* CarouselFeedEntryView.m */,
				650CC82429E9623D0059A92D /* CarouselViewController.h */,
				650CC82529E9623D0059A92D /* CarouselViewController.m */,
				001D85B62A383EDC001738BD /* FeedPromotionCell.m */,
				001D85B82A383F34001738BD /* FeedPromotionCell.h */,
			);
			path = Native2Carousel;
			sourceTree = "<group>";
		};
		6519F7852BABBD1900F44BBC /* Banner */ = {
			isa = PBXGroup;
			children = (
				6519F7862BABBD4500F44BBC /* BannerViewController.h */,
				6519F7872BABBD4500F44BBC /* BannerViewController.m */,
			);
			path = Banner;
			sourceTree = "<group>";
		};
		65FDA0702910F72400DF170F /* Native2 */ = {
			isa = PBXGroup;
			children = (
				D67A47E327B24DD100C5B4DC /* CustomCtaView.h */,
				D67A47E427B24DD100C5B4DC /* CustomCtaView.m */,
				65FDA0712910F91200DF170F /* Native2ViewController.h */,
				65FDA0722910F91200DF170F /* Native2ViewController.m */,
			);
			path = Native2;
			sourceTree = "<group>";
		};
		8637B816242FF7C139296F21 /* Pods */ = {
			isa = PBXGroup;
			children = (
				B90EC31CED27BA0129A0BDF2 /* Pods-BABSample.debug.xcconfig */,
				A362F45A0AC90E9E43BCED2A /* Pods-BABSample.release.xcconfig */,
			);
			name = Pods;
			path = Pods;
			sourceTree = "<group>";
		};
		C4A297422240F06900F6D677 = {
			isa = PBXGroup;
			children = (
				C4A297642240F0D500F6D677 /* Podfile */,
				C4A2974D2240F06900F6D677 /* BABSample */,
				C4A2974C2240F06900F6D677 /* Products */,
				F43C05F5557925D6AF9C17E9 /* Frameworks */,
				8637B816242FF7C139296F21 /* Pods */,
			);
			sourceTree = "<group>";
		};
		C4A2974C2240F06900F6D677 /* Products */ = {
			isa = PBXGroup;
			children = (
				C4A2974B2240F06900F6D677 /* BABSample.app */,
			);
			name = Products;
			sourceTree = "<group>";
		};
		C4A2974D2240F06900F6D677 /* BABSample */ = {
			isa = PBXGroup;
			children = (
				D67A47CF27B2488200C5B4DC /* Feed */,
				D626FB8D273E3AB300103555 /* FeedEntry */,
				D67A47E227B24DB300C5B4DC /* Native */,
				65FDA0702910F72400DF170F /* Native2 */,
				650CC82329E9621E0059A92D /* Native2Carousel */,
				D67A47E927B2500D00C5B4DC /* Interstitial */,
				D67A47ED27B250F200C5B4DC /* Web */,
				D67A47EE27B252B000C5B4DC /* WebToFeed */,
				6519F7852BABBD1900F44BBC /* Banner */,
				D6E4C05527B22CDB0062B597 /* Util */,
				C4A2974E2240F06900F6D677 /* AppDelegate.h */,
				C4A2974F2240F06900F6D677 /* AppDelegate.m */,
				D67A47EF27B2588300C5B4DC /* CustomBrowserViewController.h */,
				D67A47F027B2588300C5B4DC /* CustomBrowserViewController.m */,
				C4A297512240F06900F6D677 /* ViewController.h */,
				C4A297522240F06900F6D677 /* ViewController.m */,
				C4A297572240F06B00F6D677 /* Assets.xcassets */,
				C4A297592240F06B00F6D677 /* LaunchScreen.storyboard */,
				C4A2975C2240F06B00F6D677 /* Info.plist */,
				C4A2975D2240F06B00F6D677 /* main.m */,
			);
			path = BABSample;
			sourceTree = "<group>";
		};
		D626FB8D273E3AB300103555 /* FeedEntry */ = {
			isa = PBXGroup;
			children = (
				D626FB8F273E3AF900103555 /* FeedEntryViewController.h */,
				D626FB90273E3AF900103555 /* FeedEntryViewController.m */,
				D626FB92273E3B0E00103555 /* FeedEntryIcon.h */,
				D626FB93273E3B0E00103555 /* FeedEntryIcon.m */,
				D626FB95273E3B2900103555 /* FeedEntryIconWithMessage.h */,
				D626FB96273E3B2900103555 /* FeedEntryIconWithMessage.m */,
				D626FB98273E3B3F00103555 /* FeedEntryBanner.h */,
				D626FB99273E3B3F00103555 /* FeedEntryBanner.m */,
				D626FB9B273E3B5100103555 /* FeedEntryButton.h */,
				D626FB9C273E3B5100103555 /* FeedEntryButton.m */,
				D626FB9E273E3B6600103555 /* MessageView.h */,
				D626FB9F273E3B6600103555 /* MessageView.m */,
			);
			path = FeedEntry;
			sourceTree = "<group>";
		};
		D67A47CF27B2488200C5B4DC /* Feed */ = {
			isa = PBXGroup;
			children = (
				D67A47D327B24AA000C5B4DC /* ContainerViewController.h */,
				D67A47D427B24AA000C5B4DC /* ContainerViewController.m */,
				D67A47D627B24B4A00C5B4DC /* CustomFeedAdViewHolder.h */,
				D67A47D727B24B4A00C5B4DC /* CustomFeedAdViewHolder.m */,
				D67A47D927B24B7900C5B4DC /* CustomFeedCpsAdViewHolder.h */,
				D67A47DA27B24B7900C5B4DC /* CustomFeedCpsAdViewHolder.m */,
				D67A47DC27B24B9900C5B4DC /* CustomFeedErrorViewHolder.h */,
				D67A47DD27B24B9900C5B4DC /* CustomFeedErrorViewHolder.m */,
				D67A47DF27B24BBD00C5B4DC /* CustomFeedHeaderViewHolder.h */,
				D67A47E027B24BBD00C5B4DC /* CustomFeedHeaderViewHolder.m */,
				6B9435E128223B2900E79DBE /* CustomFeedBaseRewardViewHolder.h */,
				6B9435E228223B2900E79DBE /* CustomFeedBaseRewardViewHolder.m */,
				D67A47D027B24A6E00C5B4DC /* FeedViewController.h */,
				D67A47D127B24A6E00C5B4DC /* FeedViewController.m */,
			);
			path = Feed;
			sourceTree = "<group>";
		};
		D67A47E227B24DB300C5B4DC /* Native */ = {
			isa = PBXGroup;
			children = (
				D67A47E627B24F3F00C5B4DC /* NativeViewController.h */,
				D67A47E727B24F3F00C5B4DC /* NativeViewController.m */,
			);
			path = Native;
			sourceTree = "<group>";
		};
		D67A47E927B2500D00C5B4DC /* Interstitial */ = {
			isa = PBXGroup;
			children = (
				D67A47EA27B2502400C5B4DC /* InterstitialViewController.h */,
				D67A47EB27B2502400C5B4DC /* InterstitialViewController.m */,
			);
			path = Interstitial;
			sourceTree = "<group>";
		};
		D67A47ED27B250F200C5B4DC /* Web */ = {
			isa = PBXGroup;
			children = (
				C4307AAC244D299E00F0C436 /* WebViewController.h */,
				C4307AB3244D299F00F0C436 /* WebViewController.m */,
			);
			path = Web;
			sourceTree = "<group>";
		};
		D67A47EE27B252B000C5B4DC /* WebToFeed */ = {
			isa = PBXGroup;
			children = (
				D65AC80C264A2DE600479161 /* WebToFeedViewController.h */,
				D65AC80D264A2DE600479161 /* WebToFeedViewController.m */,
				D65AC7D126493B3500479161 /* WebToFeedSample.html */,
			);
			path = WebToFeed;
			sourceTree = "<group>";
		};
		D6E4C05527B22CDB0062B597 /* Util */ = {
			isa = PBXGroup;
			children = (
				D6E4C05627B22CF40062B597 /* AppConstant.h */,
				D6E4C05727B22CF40062B597 /* AppConstant.m */,
				D6E4C05927B22F960062B597 /* UIButton+Custom.h */,
				D6E4C05A27B22F960062B597 /* UIButton+Custom.m */,
			);
			path = Util;
			sourceTree = "<group>";
		};
		F43C05F5557925D6AF9C17E9 /* Frameworks */ = {
			isa = PBXGroup;
			children = (
				696534B6251681CE00714D40 /* AppTrackingTransparency.framework */,
				B1C010A71222260E34CF771D /* Pods_BABSample.framework */,
			);
			name = Frameworks;
			sourceTree = "<group>";
		};
/* End PBXGroup section */

/* Begin PBXNativeTarget section */
		C4A2974A2240F06900F6D677 /* BABSample */ = {
			isa = PBXNativeTarget;
			buildConfigurationList = C4A297612240F06B00F6D677 /* Build configuration list for PBXNativeTarget "BABSample" */;
			buildPhases = (
				3C11A6571EADDA4C4FA47145 /* [CP] Check Pods Manifest.lock */,
				C4A297472240F06900F6D677 /* Sources */,
				C4A297482240F06900F6D677 /* Frameworks */,
				C4A297492240F06900F6D677 /* Resources */,
				DA3D40DB9F25CF5860181C84 /* [CP] Embed Pods Frameworks */,
			);
			buildRules = (
			);
			dependencies = (
			);
			name = BABSample;
			productName = BABSample;
			productReference = C4A2974B2240F06900F6D677 /* BABSample.app */;
			productType = "com.apple.product-type.application";
		};
/* End PBXNativeTarget section */

/* Begin PBXProject section */
		C4A297432240F06900F6D677 /* Project object */ = {
			isa = PBXProject;
			attributes = {
				LastUpgradeCheck = 1010;
				ORGANIZATIONNAME = Buzzvil;
				TargetAttributes = {
					C4A2974A2240F06900F6D677 = {
						CreatedOnToolsVersion = 10.1;
					};
				};
			};
			buildConfigurationList = C4A297462240F06900F6D677 /* Build configuration list for PBXProject "BABSample" */;
			compatibilityVersion = "Xcode 9.3";
			developmentRegion = en;
			hasScannedForEncodings = 0;
			knownRegions = (
				en,
				Base,
			);
			mainGroup = C4A297422240F06900F6D677;
			productRefGroup = C4A2974C2240F06900F6D677 /* Products */;
			projectDirPath = "";
			projectRoot = "";
			targets = (
				C4A2974A2240F06900F6D677 /* BABSample */,
			);
		};
/* End PBXProject section */

/* Begin PBXResourcesBuildPhase section */
		C4A297492240F06900F6D677 /* Resources */ = {
			isa = PBXResourcesBuildPhase;
			buildActionMask = 2147483647;
			files = (
				C4A2975B2240F06B00F6D677 /* LaunchScreen.storyboard in Resources */,
				C4A297582240F06B00F6D677 /* Assets.xcassets in Resources */,
				D65AC7D226493B3500479161 /* WebToFeedSample.html in Resources */,
			);
			runOnlyForDeploymentPostprocessing = 0;
		};
/* End PBXResourcesBuildPhase section */

/* Begin PBXShellScriptBuildPhase section */
		3C11A6571EADDA4C4FA47145 /* [CP] Check Pods Manifest.lock */ = {
			isa = PBXShellScriptBuildPhase;
			buildActionMask = 2147483647;
			files = (
			);
			inputFileListPaths = (
			);
			inputPaths = (
				"${PODS_PODFILE_DIR_PATH}/Podfile.lock",
				"${PODS_ROOT}/Manifest.lock",
			);
			name = "[CP] Check Pods Manifest.lock";
			outputFileListPaths = (
			);
			outputPaths = (
				"$(DERIVED_FILE_DIR)/Pods-BABSample-checkManifestLockResult.txt",
			);
			runOnlyForDeploymentPostprocessing = 0;
			shellPath = /bin/sh;
			shellScript = "diff \"${PODS_PODFILE_DIR_PATH}/Podfile.lock\" \"${PODS_ROOT}/Manifest.lock\" > /dev/null\nif [ $? != 0 ] ; then\n    # print error to STDERR\n    echo \"error: The sandbox is not in sync with the Podfile.lock. Run 'pod install' or update your CocoaPods installation.\" >&2\n    exit 1\nfi\n# This output is used by Xcode 'outputs' to avoid re-running this script phase.\necho \"SUCCESS\" > \"${SCRIPT_OUTPUT_FILE_0}\"\n";
			showEnvVarsInLog = 0;
		};
		DA3D40DB9F25CF5860181C84 /* [CP] Embed Pods Frameworks */ = {
			isa = PBXShellScriptBuildPhase;
			buildActionMask = 2147483647;
			files = (
			);
			inputFileListPaths = (
				"${PODS_ROOT}/Target Support Files/Pods-BABSample/Pods-BABSample-frameworks-${CONFIGURATION}-input-files.xcfilelist",
			);
			name = "[CP] Embed Pods Frameworks";
			outputFileListPaths = (
				"${PODS_ROOT}/Target Support Files/Pods-BABSample/Pods-BABSample-frameworks-${CONFIGURATION}-output-files.xcfilelist",
			);
			runOnlyForDeploymentPostprocessing = 0;
			shellPath = /bin/sh;
			shellScript = "\"${PODS_ROOT}/Target Support Files/Pods-BABSample/Pods-BABSample-frameworks.sh\"\n";
			showEnvVarsInLog = 0;
		};
/* End PBXShellScriptBuildPhase section */

/* Begin PBXSourcesBuildPhase section */
		C4A297472240F06900F6D677 /* Sources */ = {
			isa = PBXSourcesBuildPhase;
			buildActionMask = 2147483647;
			files = (
				001D85B72A383EDC001738BD /* FeedPromotionCell.m in Sources */,
				C4307AB8244D299F00F0C436 /* WebViewController.m in Sources */,
				D626FB91273E3AF900103555 /* FeedEntryViewController.m in Sources */,
				650CC82929EE971E0059A92D /* CarouselCell.m in Sources */,
				D67A47D227B24A6E00C5B4DC /* FeedViewController.m in Sources */,
				D67A47D527B24AA000C5B4DC /* ContainerViewController.m in Sources */,
				D67A47F127B2588300C5B4DC /* CustomBrowserViewController.m in Sources */,
				D67A47E127B24BBD00C5B4DC /* CustomFeedHeaderViewHolder.m in Sources */,
				D626FB94273E3B0E00103555 /* FeedEntryIcon.m in Sources */,
				C4A297532240F06900F6D677 /* ViewController.m in Sources */,
				D67A47D827B24B4A00C5B4DC /* CustomFeedAdViewHolder.m in Sources */,
				D626FBA0273E3B6600103555 /* MessageView.m in Sources */,
				C4A2975E2240F06B00F6D677 /* main.m in Sources */,
				D67A47EC27B2502400C5B4DC /* InterstitialViewController.m in Sources */,
				6519F7882BABBD4500F44BBC /* BannerViewController.m in Sources */,
				D6E4C05827B22CF40062B597 /* AppConstant.m in Sources */,
				D6E4C05B27B22F960062B597 /* UIButton+Custom.m in Sources */,
				6B9435E328223B2900E79DBE /* CustomFeedBaseRewardViewHolder.m in Sources */,
				D626FB9D273E3B5100103555 /* FeedEntryButton.m in Sources */,
				6567783F29F0D38F006D4E90 /* CarouselFeedEntryView.m in Sources */,
				650CC82629E9623D0059A92D /* CarouselViewController.m in Sources */,
				65FDA0732910F91200DF170F /* Native2ViewController.m in Sources */,
				D65AC80E264A2DE600479161 /* WebToFeedViewController.m in Sources */,
				D67A47DB27B24B7900C5B4DC /* CustomFeedCpsAdViewHolder.m in Sources */,
				D67A47E527B24DD100C5B4DC /* CustomCtaView.m in Sources */,
				D67A47E827B24F3F00C5B4DC /* NativeViewController.m in Sources */,
				D626FB9A273E3B3F00103555 /* FeedEntryBanner.m in Sources */,
				D67A47DE27B24B9900C5B4DC /* CustomFeedErrorViewHolder.m in Sources */,
				D626FB97273E3B2900103555 /* FeedEntryIconWithMessage.m in Sources */,
				C4A297502240F06900F6D677 /* AppDelegate.m in Sources */,
			);
			runOnlyForDeploymentPostprocessing = 0;
		};
/* End PBXSourcesBuildPhase section */

/* Begin PBXVariantGroup section */
		C4A297592240F06B00F6D677 /* LaunchScreen.storyboard */ = {
			isa = PBXVariantGroup;
			children = (
				C4A2975A2240F06B00F6D677 /* Base */,
			);
			name = LaunchScreen.storyboard;
			sourceTree = "<group>";
		};
/* End PBXVariantGroup section */

/* Begin XCBuildConfiguration section */
		C4A2975F2240F06B00F6D677 /* Debug */ = {
			isa = XCBuildConfiguration;
			buildSettings = {
				ALWAYS_SEARCH_USER_PATHS = NO;
				CLANG_ANALYZER_NONNULL = YES;
				CLANG_ANALYZER_NUMBER_OBJECT_CONVERSION = YES_AGGRESSIVE;
				CLANG_CXX_LANGUAGE_STANDARD = "gnu++14";
				CLANG_CXX_LIBRARY = "libc++";
				CLANG_ENABLE_MODULES = YES;
				CLANG_ENABLE_OBJC_ARC = YES;
				CLANG_ENABLE_OBJC_WEAK = YES;
				CLANG_WARN_BLOCK_CAPTURE_AUTORELEASING = YES;
				CLANG_WARN_BOOL_CONVERSION = YES;
				CLANG_WARN_COMMA = YES;
				CLANG_WARN_CONSTANT_CONVERSION = YES;
				CLANG_WARN_DEPRECATED_OBJC_IMPLEMENTATIONS = YES;
				CLANG_WARN_DIRECT_OBJC_ISA_USAGE = YES_ERROR;
				CLANG_WARN_DOCUMENTATION_COMMENTS = YES;
				CLANG_WARN_EMPTY_BODY = YES;
				CLANG_WARN_ENUM_CONVERSION = YES;
				CLANG_WARN_INFINITE_RECURSION = YES;
				CLANG_WARN_INT_CONVERSION = YES;
				CLANG_WARN_NON_LITERAL_NULL_CONVERSION = YES;
				CLANG_WARN_OBJC_IMPLICIT_RETAIN_SELF = YES;
				CLANG_WARN_OBJC_LITERAL_CONVERSION = YES;
				CLANG_WARN_OBJC_ROOT_CLASS = YES_ERROR;
				CLANG_WARN_RANGE_LOOP_ANALYSIS = YES;
				CLANG_WARN_STRICT_PROTOTYPES = YES;
				CLANG_WARN_SUSPICIOUS_MOVE = YES;
				CLANG_WARN_UNGUARDED_AVAILABILITY = YES_AGGRESSIVE;
				CLANG_WARN_UNREACHABLE_CODE = YES;
				CLANG_WARN__DUPLICATE_METHOD_MATCH = YES;
				CODE_SIGN_IDENTITY = "iPhone Developer";
				COPY_PHASE_STRIP = NO;
				DEBUG_INFORMATION_FORMAT = dwarf;
				ENABLE_STRICT_OBJC_MSGSEND = YES;
				ENABLE_TESTABILITY = YES;
				GCC_C_LANGUAGE_STANDARD = gnu11;
				GCC_DYNAMIC_NO_PIC = NO;
				GCC_NO_COMMON_BLOCKS = YES;
				GCC_OPTIMIZATION_LEVEL = 0;
				GCC_PREPROCESSOR_DEFINITIONS = (
					"DEBUG=1",
					"$(inherited)",
				);
				GCC_WARN_64_TO_32_BIT_CONVERSION = YES;
				GCC_WARN_ABOUT_RETURN_TYPE = YES_ERROR;
				GCC_WARN_UNDECLARED_SELECTOR = YES;
				GCC_WARN_UNINITIALIZED_AUTOS = YES_AGGRESSIVE;
				GCC_WARN_UNUSED_FUNCTION = YES;
				GCC_WARN_UNUSED_VARIABLE = YES;
				IPHONEOS_DEPLOYMENT_TARGET = 12.1;
				MTL_ENABLE_DEBUG_INFO = INCLUDE_SOURCE;
				MTL_FAST_MATH = YES;
				ONLY_ACTIVE_ARCH = YES;
				SDKROOT = iphoneos;
			};
			name = Debug;
		};
		C4A297602240F06B00F6D677 /* Release */ = {
			isa = XCBuildConfiguration;
			buildSettings = {
				ALWAYS_SEARCH_USER_PATHS = NO;
				CLANG_ANALYZER_NONNULL = YES;
				CLANG_ANALYZER_NUMBER_OBJECT_CONVERSION = YES_AGGRESSIVE;
				CLANG_CXX_LANGUAGE_STANDARD = "gnu++14";
				CLANG_CXX_LIBRARY = "libc++";
				CLANG_ENABLE_MODULES = YES;
				CLANG_ENABLE_OBJC_ARC = YES;
				CLANG_ENABLE_OBJC_WEAK = YES;
				CLANG_WARN_BLOCK_CAPTURE_AUTORELEASING = YES;
				CLANG_WARN_BOOL_CONVERSION = YES;
				CLANG_WARN_COMMA = YES;
				CLANG_WARN_CONSTANT_CONVERSION = YES;
				CLANG_WARN_DEPRECATED_OBJC_IMPLEMENTATIONS = YES;
				CLANG_WARN_DIRECT_OBJC_ISA_USAGE = YES_ERROR;
				CLANG_WARN_DOCUMENTATION_COMMENTS = YES;
				CLANG_WARN_EMPTY_BODY = YES;
				CLANG_WARN_ENUM_CONVERSION = YES;
				CLANG_WARN_INFINITE_RECURSION = YES;
				CLANG_WARN_INT_CONVERSION = YES;
				CLANG_WARN_NON_LITERAL_NULL_CONVERSION = YES;
				CLANG_WARN_OBJC_IMPLICIT_RETAIN_SELF = YES;
				CLANG_WARN_OBJC_LITERAL_CONVERSION = YES;
				CLANG_WARN_OBJC_ROOT_CLASS = YES_ERROR;
				CLANG_WARN_RANGE_LOOP_ANALYSIS = YES;
				CLANG_WARN_STRICT_PROTOTYPES = YES;
				CLANG_WARN_SUSPICIOUS_MOVE = YES;
				CLANG_WARN_UNGUARDED_AVAILABILITY = YES_AGGRESSIVE;
				CLANG_WARN_UNREACHABLE_CODE = YES;
				CLANG_WARN__DUPLICATE_METHOD_MATCH = YES;
				CODE_SIGN_IDENTITY = "iPhone Developer";
				COPY_PHASE_STRIP = NO;
				DEBUG_INFORMATION_FORMAT = "dwarf-with-dsym";
				ENABLE_NS_ASSERTIONS = NO;
				ENABLE_STRICT_OBJC_MSGSEND = YES;
				GCC_C_LANGUAGE_STANDARD = gnu11;
				GCC_NO_COMMON_BLOCKS = YES;
				GCC_WARN_64_TO_32_BIT_CONVERSION = YES;
				GCC_WARN_ABOUT_RETURN_TYPE = YES_ERROR;
				GCC_WARN_UNDECLARED_SELECTOR = YES;
				GCC_WARN_UNINITIALIZED_AUTOS = YES_AGGRESSIVE;
				GCC_WARN_UNUSED_FUNCTION = YES;
				GCC_WARN_UNUSED_VARIABLE = YES;
				IPHONEOS_DEPLOYMENT_TARGET = 12.1;
				MTL_ENABLE_DEBUG_INFO = NO;
				MTL_FAST_MATH = YES;
				SDKROOT = iphoneos;
				VALIDATE_PRODUCT = YES;
			};
			name = Release;
		};
		C4A297622240F06B00F6D677 /* Debug */ = {
			isa = XCBuildConfiguration;
			baseConfigurationReference = B90EC31CED27BA0129A0BDF2 /* Pods-BABSample.debug.xcconfig */;
			buildSettings = {
				ASSETCATALOG_COMPILER_APPICON_NAME = AppIcon;
				CODE_SIGN_STYLE = Automatic;
				DEVELOPMENT_TEAM = 67369282ZY;
				FRAMEWORK_SEARCH_PATHS = (
					"$(inherited)",
					"$(PROJECT_DIR)",
				);
				INFOPLIST_FILE = BABSample/Info.plist;
				LD_RUNPATH_SEARCH_PATHS = (
					"$(inherited)",
					"@executable_path/Frameworks",
				);
				OTHER_LDFLAGS = (
					"$(inherited)",
					"-framework",
					"\"QuartzCore\"",
					"-framework",
					"\"Toast\"",
				);
				PRODUCT_BUNDLE_IDENTIFIER = com.buzzvil.BABSample;
				PRODUCT_NAME = "$(TARGET_NAME)";
				TARGETED_DEVICE_FAMILY = "1,2";
			};
			name = Debug;
		};
		C4A297632240F06B00F6D677 /* Release */ = {
			isa = XCBuildConfiguration;
			baseConfigurationReference = A362F45A0AC90E9E43BCED2A /* Pods-BABSample.release.xcconfig */;
			buildSettings = {
				ASSETCATALOG_COMPILER_APPICON_NAME = AppIcon;
				CODE_SIGN_STYLE = Automatic;
				DEVELOPMENT_TEAM = 67369282ZY;
				FRAMEWORK_SEARCH_PATHS = (
					"$(inherited)",
					"$(PROJECT_DIR)",
				);
				INFOPLIST_FILE = BABSample/Info.plist;
				LD_RUNPATH_SEARCH_PATHS = (
					"$(inherited)",
					"@executable_path/Frameworks",
				);
				OTHER_LDFLAGS = (
					"$(inherited)",
					"-framework",
					"\"QuartzCore\"",
					"-framework",
					"\"Toast\"",
				);
				PRODUCT_BUNDLE_IDENTIFIER = com.buzzvil.BABSample;
				PRODUCT_NAME = "$(TARGET_NAME)";
				TARGETED_DEVICE_FAMILY = "1,2";
			};
			name = Release;
		};
/* End XCBuildConfiguration section */

/* Begin XCConfigurationList section */
		C4A297462240F06900F6D677 /* Build configuration list for PBXProject "BABSample" */ = {
			isa = XCConfigurationList;
			buildConfigurations = (
				C4A2975F2240F06B00F6D677 /* Debug */,
				C4A297602240F06B00F6D677 /* Release */,
			);
			defaultConfigurationIsVisible = 0;
			defaultConfigurationName = Release;
		};
		C4A297612240F06B00F6D677 /* Build configuration list for PBXNativeTarget "BABSample" */ = {
			isa = XCConfigurationList;
			buildConfigurations = (
				C4A297622240F06B00F6D677 /* Debug */,
				C4A297632240F06B00F6D677 /* Release */,
			);
			defaultConfigurationIsVisible = 0;
			defaultConfigurationName = Release;
		};
/* End XCConfigurationList section */
	};
	rootObject = C4A297432240F06900F6D677 /* Project object */;
}
