PODS:
  - AFNetworking (4.0.1):
    - AFNetworking/NSURLSession (= 4.0.1)
    - AFNetworking/Reachability (= 4.0.1)
    - AFNetworking/Security (= 4.0.1)
    - AFNetworking/Serialization (= 4.0.1)
    - AFNetworking/UIKit (= 4.0.1)
  - AFNetworking/NSURLSession (4.0.1):
    - AFNetworking/Reachability
    - AFNetworking/Security
    - AFNetworking/Serialization
  - AFNetworking/Reachability (4.0.1)
  - AFNetworking/Security (4.0.1)
  - AFNetworking/Serialization (4.0.1)
  - AFNetworking/UIKit (4.0.1):
    - AFNetworking/NSURLSession
  - BuzzBooster (2.0.2):
    - AFNetworking (~> 4.0)
    - BuzzBoosterSwift (~> 2.0.2)
    - BuzzMutator (~> 0.23.0)
    - ReactiveObjC (~> 3.1.1)
    - SDWebImage (~> 5.0)
    - SDWebImageWebPCoder
  - BuzzBoosterSwift (2.0.2):
    - BuzzRxSwift (~> 6.5.1)
    - BuzzSentry
    - SDWebImage (~> 5.0)
    - SDWebImageWebPCoder
  - BuzzMutator (0.23.0)
  - BuzzRxSwift (6.5.1)
  - BuzzSentry (0.0.4):
    - BuzzSentry/Core (= 0.0.4)
  - BuzzSentry/Core (0.0.4)
  - libwebp (1.2.4):
    - libwebp/demux (= 1.2.4)
    - libwebp/mux (= 1.2.4)
    - libwebp/webp (= 1.2.4)
  - libwebp/demux (1.2.4):
    - libwebp/webp
  - libwebp/mux (1.2.4):
    - libwebp/demux
  - libwebp/webp (1.2.4)
  - ReactiveObjC (3.1.1)
  - RxCocoa (6.5.0):
    - RxRelay (= 6.5.0)
    - RxSwift (= 6.5.0)
  - RxRelay (6.5.0):
    - RxSwift (= 6.5.0)
  - RxSwift (6.5.0)
  - SDWebImage (5.15.2):
    - SDWebImage/Core (= 5.15.2)
  - SDWebImage/Core (5.15.2)
  - SDWebImageWebPCoder (0.10.1):
    - libwebp (~> 1.0)
    - SDWebImage/Core (~> 5.15)
  - Toast (4.0.0)

DEPENDENCIES:
  - BuzzBooster (~> 2.0.2)
  - RxCocoa
  - RxSwift
  - Toast (= 4.0.0)

SPEC REPOS:
  https://github.com/Buzzvil/Specs:
    - BuzzBooster
    - BuzzBoosterSwift
  trunk:
    - AFNetworking
    - BuzzMutator
    - BuzzRxSwift
    - BuzzSentry
    - libwebp
    - ReactiveObjC
    - RxCocoa
    - RxRelay
    - RxSwift
    - SDWebImage
    - SDWebImageWebPCoder
    - Toast

SPEC CHECKSUMS:
  AFNetworking: 3bd23d814e976cd148d7d44c3ab78017b744cd58
  BuzzBooster: 0d752e1f7911a38208759b34dbe69fbd2333ba7c
  BuzzBoosterSwift: f8900eaaed280b7a446d9e8da342946094d67bd1
  BuzzMutator: 54945e8ba227b4d72295d493edb63c22eeb5cd0d
  BuzzRxSwift: 0ca1668aa41a0b4a811c9eb00d74c89a95a8553f
  BuzzSentry: 32959eb816c684e49116e55f684fe8a18d39b8f2
  libwebp: f62cb61d0a484ba548448a4bd52aabf150ff6eef
  ReactiveObjC: 011caa393aa0383245f2dcf9bf02e86b80b36040
  RxCocoa: 94f817b71c07517321eb4f9ad299112ca8af743b
  RxRelay: 1de1523e604c72b6c68feadedd1af3b1b4d0ecbd
  RxSwift: 5710a9e6b17f3c3d6e40d6e559b9fa1e813b2ef8
  SDWebImage: 8ab87d4b3e5cc4927bd47f78db6ceb0b94442577
  SDWebImageWebPCoder: 4851414d9f8894e328e8b97c93ea4f4f4e4418ae
  Toast: 91b396c56ee72a5790816f40d3a94dd357abc196

PODFILE CHECKSUM: 7160dcc2d93dec152ae672c32439d3647c4c3558

COCOAPODS: 1.11.3
