PODS:
  - BuzzBoosterSDK (4.9.1):
    - BuzzRxSwift (= 7.0.0)
  - BuzzRxSwift (7.0.0)
  - RxCocoa (6.6.0):
    - RxRelay (= 6.6.0)
    - RxSwift (= 6.6.0)
  - RxRelay (6.6.0):
    - RxSwift (= 6.6.0)
  - RxSwift (6.6.0)

DEPENDENCIES:
  - BuzzBoosterSDK (~> 4.9.0)
  - RxCocoa
  - RxSwift

SPEC REPOS:
  https://github.com/Buzzvil/Specs:
    - BuzzBoosterSDK
    - BuzzRxSwift
  trunk:
    - RxCocoa
    - RxRelay
    - RxSwift

SPEC CHECKSUMS:
  BuzzBoosterSDK: 2af4b46c0b98adb1c2606dc9bada3025971f5d30
  BuzzRxSwift: 055d46ce39e6852aa3a6039eebd85fe5ef30628e
  RxCocoa: 44a80de90e25b739b5aeaae3c8c371a32e3343cc
  RxRelay: 45eaa5db8ee4fb50e5ebd57deec0159e97fa51e6
  RxSwift: a4b44f7d24599f674deebd1818eab82e58410632

PODFILE CHECKSUM: a696e3d010fe905ff9073875a95ff5da4e690f64

COCOAPODS: 1.15.2
