PODS:
  - buzz_booster (3.0.0):
    - BuzzBoosterSDK (= 3.0.0)
    - Flutter
  - BuzzBoosterSDK (3.0.0):
    - BuzzRxSwift (~> 6.5.1)
    - SDWebImage (~> 5.0)
    - SDWebImageWebPCoder
  - BuzzRxSwift (6.5.1)
  - Flutter (1.0.0)
  - fluttertoast (0.0.1):
    - Flutter
    - Toast (= 3.1.0)
  - libwebp (1.2.4):
    - libwebp/demux (= 1.2.4)
    - libwebp/mux (= 1.2.4)
    - libwebp/webp (= 1.2.4)
  - libwebp/demux (1.2.4):
    - libwebp/webp
  - libwebp/mux (1.2.4):
    - libwebp/demux
  - libwebp/webp (1.2.4)
  - SDWebImage (5.16.0):
    - SDWebImage/Core (= 5.16.0)
  - SDWebImage/Core (5.16.0)
  - SDWebImageWebPCoder (0.12.0):
    - libwebp (~> 1.0)
    - SDWebImage/Core (~> 5.16)
  - Toast (3.1.0)

DEPENDENCIES:
  - buzz_booster (from `.symlinks/plugins/buzz_booster/ios`)
  - Flutter (from `Flutter`)
  - fluttertoast (from `.symlinks/plugins/fluttertoast/ios`)

SPEC REPOS:
  trunk:
    - BuzzBoosterSDK
    - BuzzRxSwift
    - libwebp
    - SDWebImage
    - SDWebImageWebPCoder
    - Toast

EXTERNAL SOURCES:
  buzz_booster:
    :path: ".symlinks/plugins/buzz_booster/ios"
  Flutter:
    :path: Flutter
  fluttertoast:
    :path: ".symlinks/plugins/fluttertoast/ios"

SPEC CHECKSUMS:
  buzz_booster: 117071e89dee55ad66163ceb6768333c07ee82d8
  BuzzBoosterSDK: 703940292b945da1a8790a8fa3259d6e35cd8da8
  BuzzRxSwift: 0ca1668aa41a0b4a811c9eb00d74c89a95a8553f
  Flutter: 50d75fe2f02b26cc09d224853bb45737f8b3214a
  fluttertoast: 2d6f18a0893ad38cc222e98bd1b69320f59ca152
  libwebp: f62cb61d0a484ba548448a4bd52aabf150ff6eef
  SDWebImage: 2aea163b50bfcb569a2726b6a754c54a4506fcf6
  SDWebImageWebPCoder: f0f287cee4cd96a59937fbf3c77a8cfda9ba67b0
  Toast: 14a93686d6c8bfe2727afd342414e35660a8a1f3

PODFILE CHECKSUM: 985e5b058f26709dc81f9ae74ea2b2775bdbcefe

COCOAPODS: 1.12.1
